
Microsoft Visual Studio Solution File, Format Version 12.00
Project("{FAE04EC0-301F-11D3-BF4B-00C04F79EFBC}") = "SDL3-CS", "SDL3-CS\SDL3-CS.csproj", "{C12D9E93-09BD-4FDA-B27E-37E6A5D1B60F}"
EndProject
Project("{FAE04EC0-301F-11D3-BF4B-00C04F79EFBC}") = "Create Window", "SDL3-CS.Examples\Create Window\Create Window.csproj", "{85A45314-D933-45FD-94BA-3583EC655116}"
EndProject
Project("{FAE04EC0-301F-11D3-BF4B-00C04F79EFBC}") = "Circular Color Fade", "SDL3-CS.Examples\Circular Color Fade\Circular Color Fade.csproj", "{A10A63C6-7799-4E05-840F-FACEE15B2CF5}"
EndProject
Project("{FAE04EC0-301F-11D3-BF4B-00C04F79EFBC}") = "FPS Counter", "SDL3-CS.Examples\FPS Counter\FPS Counter.csproj", "{D5ADD538-44FA-4934-86EC-35C0F5E1E080}"
EndProject
Project("{FAE04EC0-301F-11D3-BF4B-00C04F79EFBC}") = "Camera", "SDL3-CS.Examples\Camera\Camera.csproj", "{6757E645-091D-4E31-AB24-1A7B93936DDF}"
EndProject
Project("{FAE04EC0-301F-11D3-BF4B-00C04F79EFBC}") = "File Dialog", "SDL3-CS.Examples\File Dialog\File Dialog.csproj", "{5F92E664-565A-4E3C-AE0C-D307B8E93BB0}"
EndProject
Project("{FAE04EC0-301F-11D3-BF4B-00C04F79EFBC}") = "VHS Camera", "SDL3-CS.Examples\VHS Camera\VHS Camera.csproj", "{6A17E500-4667-4136-9133-0EFF6783CC4F}"
EndProject
Project("{2150E333-8FDC-42A3-9474-1A3956D46DE8}") = "Examples", "Examples", "{C657EFFA-9879-416A-8847-091FD2C3467E}"
EndProject
Project("{FAE04EC0-301F-11D3-BF4B-00C04F79EFBC}") = "Message Box", "SDL3-CS.Examples\Message Box\Message Box.csproj", "{A0E1650A-6FC4-4FC0-8724-18347CB89781}"
EndProject
Global
	GlobalSection(SolutionConfigurationPlatforms) = preSolution
		Debug|Any CPU = Debug|Any CPU
		Release|Any CPU = Release|Any CPU
	EndGlobalSection
	GlobalSection(ProjectConfigurationPlatforms) = postSolution
		{C12D9E93-09BD-4FDA-B27E-37E6A5D1B60F}.Debug|Any CPU.ActiveCfg = Debug|Any CPU
		{C12D9E93-09BD-4FDA-B27E-37E6A5D1B60F}.Debug|Any CPU.Build.0 = Debug|Any CPU
		{C12D9E93-09BD-4FDA-B27E-37E6A5D1B60F}.Release|Any CPU.ActiveCfg = Release|Any CPU
		{C12D9E93-09BD-4FDA-B27E-37E6A5D1B60F}.Release|Any CPU.Build.0 = Release|Any CPU
		{85A45314-D933-45FD-94BA-3583EC655116}.Debug|Any CPU.ActiveCfg = Debug|Any CPU
		{85A45314-D933-45FD-94BA-3583EC655116}.Debug|Any CPU.Build.0 = Debug|Any CPU
		{85A45314-D933-45FD-94BA-3583EC655116}.Release|Any CPU.ActiveCfg = Release|Any CPU
		{85A45314-D933-45FD-94BA-3583EC655116}.Release|Any CPU.Build.0 = Release|Any CPU
		{C98B7444-D543-41B7-AD60-BC7B1F3D8454}.Debug|Any CPU.ActiveCfg = Debug|Any CPU
		{C98B7444-D543-41B7-AD60-BC7B1F3D8454}.Debug|Any CPU.Build.0 = Debug|Any CPU
		{C98B7444-D543-41B7-AD60-BC7B1F3D8454}.Release|Any CPU.ActiveCfg = Release|Any CPU
		{C98B7444-D543-41B7-AD60-BC7B1F3D8454}.Release|Any CPU.Build.0 = Release|Any CPU
		{A10A63C6-7799-4E05-840F-FACEE15B2CF5}.Debug|Any CPU.ActiveCfg = Debug|Any CPU
		{A10A63C6-7799-4E05-840F-FACEE15B2CF5}.Debug|Any CPU.Build.0 = Debug|Any CPU
		{A10A63C6-7799-4E05-840F-FACEE15B2CF5}.Release|Any CPU.ActiveCfg = Release|Any CPU
		{A10A63C6-7799-4E05-840F-FACEE15B2CF5}.Release|Any CPU.Build.0 = Release|Any CPU
		{D5ADD538-44FA-4934-86EC-35C0F5E1E080}.Debug|Any CPU.ActiveCfg = Debug|Any CPU
		{D5ADD538-44FA-4934-86EC-35C0F5E1E080}.Debug|Any CPU.Build.0 = Debug|Any CPU
		{D5ADD538-44FA-4934-86EC-35C0F5E1E080}.Release|Any CPU.ActiveCfg = Release|Any CPU
		{D5ADD538-44FA-4934-86EC-35C0F5E1E080}.Release|Any CPU.Build.0 = Release|Any CPU
		{6757E645-091D-4E31-AB24-1A7B93936DDF}.Debug|Any CPU.ActiveCfg = Debug|Any CPU
		{6757E645-091D-4E31-AB24-1A7B93936DDF}.Debug|Any CPU.Build.0 = Debug|Any CPU
		{6757E645-091D-4E31-AB24-1A7B93936DDF}.Release|Any CPU.ActiveCfg = Release|Any CPU
		{6757E645-091D-4E31-AB24-1A7B93936DDF}.Release|Any CPU.Build.0 = Release|Any CPU
		{5F92E664-565A-4E3C-AE0C-D307B8E93BB0}.Debug|Any CPU.ActiveCfg = Debug|Any CPU
		{5F92E664-565A-4E3C-AE0C-D307B8E93BB0}.Debug|Any CPU.Build.0 = Debug|Any CPU
		{5F92E664-565A-4E3C-AE0C-D307B8E93BB0}.Release|Any CPU.ActiveCfg = Release|Any CPU
		{5F92E664-565A-4E3C-AE0C-D307B8E93BB0}.Release|Any CPU.Build.0 = Release|Any CPU
		{6A17E500-4667-4136-9133-0EFF6783CC4F}.Debug|Any CPU.ActiveCfg = Debug|Any CPU
		{6A17E500-4667-4136-9133-0EFF6783CC4F}.Debug|Any CPU.Build.0 = Debug|Any CPU
		{6A17E500-4667-4136-9133-0EFF6783CC4F}.Release|Any CPU.ActiveCfg = Release|Any CPU
		{6A17E500-4667-4136-9133-0EFF6783CC4F}.Release|Any CPU.Build.0 = Release|Any CPU
		{A0E1650A-6FC4-4FC0-8724-18347CB89781}.Debug|Any CPU.ActiveCfg = Debug|Any CPU
		{A0E1650A-6FC4-4FC0-8724-18347CB89781}.Debug|Any CPU.Build.0 = Debug|Any CPU
		{A0E1650A-6FC4-4FC0-8724-18347CB89781}.Release|Any CPU.ActiveCfg = Release|Any CPU
		{A0E1650A-6FC4-4FC0-8724-18347CB89781}.Release|Any CPU.Build.0 = Release|Any CPU
	EndGlobalSection
	GlobalSection(NestedProjects) = preSolution
		{5F92E664-565A-4E3C-AE0C-D307B8E93BB0} = {C657EFFA-9879-416A-8847-091FD2C3467E}
		{D5ADD538-44FA-4934-86EC-35C0F5E1E080} = {C657EFFA-9879-416A-8847-091FD2C3467E}
		{85A45314-D933-45FD-94BA-3583EC655116} = {C657EFFA-9879-416A-8847-091FD2C3467E}
		{A10A63C6-7799-4E05-840F-FACEE15B2CF5} = {C657EFFA-9879-416A-8847-091FD2C3467E}
		{6757E645-091D-4E31-AB24-1A7B93936DDF} = {C657EFFA-9879-416A-8847-091FD2C3467E}
		{6A17E500-4667-4136-9133-0EFF6783CC4F} = {C657EFFA-9879-416A-8847-091FD2C3467E}
		{A0E1650A-6FC4-4FC0-8724-18347CB89781} = {C657EFFA-9879-416A-8847-091FD2C3467E}
	EndGlobalSection
EndGlobal
