
Microsoft Visual Studio Solution File, Format Version 12.00
Project("{FAE04EC0-301F-11D3-BF4B-00C04F79EFBC}") = "SDL3-CS", "SDL3-CS\SDL3-CS.csproj", "{C12D9E93-09BD-4FDA-B27E-37E6A5D1B60F}"
EndProject
Project("{FAE04EC0-301F-11D3-BF4B-00C04F79EFBC}") = "Create Window", "SDL3-CS.Examples\Create Window\Create Window.csproj", "{85A45314-D933-45FD-94BA-3583EC655116}"
EndProject
Project("{FAE04EC0-301F-11D3-BF4B-00C04F79EFBC}") = "Circular Color Fade", "SDL3-CS.Examples\Circular Color Fade\Circular Color Fade.csproj", "{A10A63C6-7799-4E05-840F-FACEE15B2CF5}"
EndProject
Project("{FAE04EC0-301F-11D3-BF4B-00C04F79EFBC}") = "FPS Counter", "SDL3-CS.Examples\FPS Counter\FPS Counter.csproj", "{D5ADD538-44FA-4934-86EC-35C0F5E1E080}"
EndProject
Project("{FAE04EC0-301F-11D3-BF4B-00C04F79EFBC}") = "Camera", "SDL3-CS.Examples\Camera\Camera.csproj", "{6757E645-091D-4E31-AB24-1A7B93936DDF}"
EndProject
Project("{FAE04EC0-301F-11D3-BF4B-00C04F79EFBC}") = "File Dialog", "SDL3-CS.Examples\File Dialog\File Dialog.csproj", "{5F92E664-565A-4E3C-AE0C-D307B8E93BB0}"
EndProject
Project("{FAE04EC0-301F-11D3-BF4B-00C04F79EFBC}") = "VHS Camera", "SDL3-CS.Examples\VHS Camera\VHS Camera.csproj", "{6A17E500-4667-4136-9133-0EFF6783CC4F}"
EndProject
Project("{2150E333-8FDC-42A3-9474-1A3956D46DE8}") = "Examples", "Examples", "{C657EFFA-9879-416A-8847-091FD2C3467E}"
EndProject
Project("{FAE04EC0-301F-11D3-BF4B-00C04F79EFBC}") = "Message Box", "SDL3-CS.Examples\Message Box\Message Box.csproj", "{A0E1650A-6FC4-4FC0-8724-18347CB89781}"
EndProject
Project("{FAE04EC0-301F-11D3-BF4B-00C04F79EFBC}") = "Color Quantization", "SDL3-CS.Examples\Color Quantization\Color Quantization.csproj", "{2553BF73-FE43-4D49-AB8D-41EA51FFB6A5}"
EndProject
Project("{FAE04EC0-301F-11D3-BF4B-00C04F79EFBC}") = "SDL3-CS.Native", "SDL3-CS.Native\SDL3-CS.Native.csproj", "{FED36F5A-B1FA-4D32-9449-26B9C53DC604}"
EndProject
Project("{FAE04EC0-301F-11D3-BF4B-00C04F79EFBC}") = "SDL3-CS.Native.Image", "SDL3-CS.Native.Image\SDL3-CS.Native.Image.csproj", "{2D5BD992-8B8B-4FE1-8F17-C7481FAA894D}"
EndProject
Project("{FAE04EC0-301F-11D3-BF4B-00C04F79EFBC}") = "SDL3-CS.Native.Mixer", "SDL3-CS.Native.Mixer\SDL3-CS.Native.Mixer.csproj", "{1A75A4C3-8F53-4180-A835-89BCB8A694DE}"
EndProject
Project("{FAE04EC0-301F-11D3-BF4B-00C04F79EFBC}") = "SDL3-CS.Native.TTF", "SDL3-CS.Native.TTF\SDL3-CS.Native.TTF.csproj", "{2E7FBFCA-4D36-42C4-84A9-E33668738F16}"
EndProject
Project("{FAE04EC0-301F-11D3-BF4B-00C04F79EFBC}") = "GPU API Circular Color Fade", "SDL3-CS.Examples\GPU API Circular Color Fade\GPU API Circular Color Fade.csproj", "{0D768908-9428-45BB-9208-1E3F60353EBA}"
EndProject
Project("{FAE04EC0-301F-11D3-BF4B-00C04F79EFBC}") = "AndroidCircularColorFade", "SDL3-CS.Examples\AndroidCircularColorFade\AndroidCircularColorFade.csproj", "{A438735C-4E79-4129-B97E-FC5F07734193}"
EndProject
Project("{FAE04EC0-301F-11D3-BF4B-00C04F79EFBC}") = "SDL3-CS.Native.Shadercross", "SDL3-CS.Native.Shadercross\SDL3-CS.Native.Shadercross.csproj", "{937228FF-7E52-48AF-82EB-2ECFD6C5E308}"
EndProject
Global
	GlobalSection(SolutionConfigurationPlatforms) = preSolution
		Debug|Any CPU = Debug|Any CPU
		Release|Any CPU = Release|Any CPU
		Prerelease|Any CPU = Prerelease|Any CPU
	EndGlobalSection
	GlobalSection(ProjectConfigurationPlatforms) = postSolution
		{C12D9E93-09BD-4FDA-B27E-37E6A5D1B60F}.Debug|Any CPU.ActiveCfg = Debug|Any CPU
		{C12D9E93-09BD-4FDA-B27E-37E6A5D1B60F}.Debug|Any CPU.Build.0 = Debug|Any CPU
		{C12D9E93-09BD-4FDA-B27E-37E6A5D1B60F}.Release|Any CPU.ActiveCfg = Release|Any CPU
		{C12D9E93-09BD-4FDA-B27E-37E6A5D1B60F}.Release|Any CPU.Build.0 = Release|Any CPU
		{C12D9E93-09BD-4FDA-B27E-37E6A5D1B60F}.Prerelease|Any CPU.ActiveCfg = Prerelease|Any CPU
		{C12D9E93-09BD-4FDA-B27E-37E6A5D1B60F}.Prerelease|Any CPU.Build.0 = Prerelease|Any CPU
		{85A45314-D933-45FD-94BA-3583EC655116}.Debug|Any CPU.ActiveCfg = Debug|Any CPU
		{85A45314-D933-45FD-94BA-3583EC655116}.Debug|Any CPU.Build.0 = Debug|Any CPU
		{85A45314-D933-45FD-94BA-3583EC655116}.Release|Any CPU.ActiveCfg = Release|Any CPU
		{85A45314-D933-45FD-94BA-3583EC655116}.Release|Any CPU.Build.0 = Release|Any CPU
		{85A45314-D933-45FD-94BA-3583EC655116}.Prerelease|Any CPU.ActiveCfg = Prerelease|Any CPU
		{85A45314-D933-45FD-94BA-3583EC655116}.Prerelease|Any CPU.Build.0 = Prerelease|Any CPU
		{A10A63C6-7799-4E05-840F-FACEE15B2CF5}.Debug|Any CPU.ActiveCfg = Debug|Any CPU
		{A10A63C6-7799-4E05-840F-FACEE15B2CF5}.Debug|Any CPU.Build.0 = Debug|Any CPU
		{A10A63C6-7799-4E05-840F-FACEE15B2CF5}.Release|Any CPU.ActiveCfg = Release|Any CPU
		{A10A63C6-7799-4E05-840F-FACEE15B2CF5}.Release|Any CPU.Build.0 = Release|Any CPU
		{A10A63C6-7799-4E05-840F-FACEE15B2CF5}.Prerelease|Any CPU.ActiveCfg = Prerelease|Any CPU
		{A10A63C6-7799-4E05-840F-FACEE15B2CF5}.Prerelease|Any CPU.Build.0 = Prerelease|Any CPU
		{D5ADD538-44FA-4934-86EC-35C0F5E1E080}.Debug|Any CPU.ActiveCfg = Debug|Any CPU
		{D5ADD538-44FA-4934-86EC-35C0F5E1E080}.Debug|Any CPU.Build.0 = Debug|Any CPU
		{D5ADD538-44FA-4934-86EC-35C0F5E1E080}.Release|Any CPU.ActiveCfg = Release|Any CPU
		{D5ADD538-44FA-4934-86EC-35C0F5E1E080}.Release|Any CPU.Build.0 = Release|Any CPU
		{D5ADD538-44FA-4934-86EC-35C0F5E1E080}.Prerelease|Any CPU.ActiveCfg = Prerelease|Any CPU
		{D5ADD538-44FA-4934-86EC-35C0F5E1E080}.Prerelease|Any CPU.Build.0 = Prerelease|Any CPU
		{6757E645-091D-4E31-AB24-1A7B93936DDF}.Debug|Any CPU.ActiveCfg = Debug|Any CPU
		{6757E645-091D-4E31-AB24-1A7B93936DDF}.Debug|Any CPU.Build.0 = Debug|Any CPU
		{6757E645-091D-4E31-AB24-1A7B93936DDF}.Release|Any CPU.ActiveCfg = Release|Any CPU
		{6757E645-091D-4E31-AB24-1A7B93936DDF}.Release|Any CPU.Build.0 = Release|Any CPU
		{6757E645-091D-4E31-AB24-1A7B93936DDF}.Prerelease|Any CPU.ActiveCfg = Prerelease|Any CPU
		{6757E645-091D-4E31-AB24-1A7B93936DDF}.Prerelease|Any CPU.Build.0 = Prerelease|Any CPU
		{5F92E664-565A-4E3C-AE0C-D307B8E93BB0}.Debug|Any CPU.ActiveCfg = Debug|Any CPU
		{5F92E664-565A-4E3C-AE0C-D307B8E93BB0}.Debug|Any CPU.Build.0 = Debug|Any CPU
		{5F92E664-565A-4E3C-AE0C-D307B8E93BB0}.Release|Any CPU.ActiveCfg = Release|Any CPU
		{5F92E664-565A-4E3C-AE0C-D307B8E93BB0}.Release|Any CPU.Build.0 = Release|Any CPU
		{5F92E664-565A-4E3C-AE0C-D307B8E93BB0}.Prerelease|Any CPU.ActiveCfg = Prerelease|Any CPU
		{5F92E664-565A-4E3C-AE0C-D307B8E93BB0}.Prerelease|Any CPU.Build.0 = Prerelease|Any CPU
		{6A17E500-4667-4136-9133-0EFF6783CC4F}.Debug|Any CPU.ActiveCfg = Debug|Any CPU
		{6A17E500-4667-4136-9133-0EFF6783CC4F}.Debug|Any CPU.Build.0 = Debug|Any CPU
		{6A17E500-4667-4136-9133-0EFF6783CC4F}.Release|Any CPU.ActiveCfg = Release|Any CPU
		{6A17E500-4667-4136-9133-0EFF6783CC4F}.Release|Any CPU.Build.0 = Release|Any CPU
		{6A17E500-4667-4136-9133-0EFF6783CC4F}.Prerelease|Any CPU.ActiveCfg = Prerelease|Any CPU
		{6A17E500-4667-4136-9133-0EFF6783CC4F}.Prerelease|Any CPU.Build.0 = Prerelease|Any CPU
		{A0E1650A-6FC4-4FC0-8724-18347CB89781}.Debug|Any CPU.ActiveCfg = Debug|Any CPU
		{A0E1650A-6FC4-4FC0-8724-18347CB89781}.Debug|Any CPU.Build.0 = Debug|Any CPU
		{A0E1650A-6FC4-4FC0-8724-18347CB89781}.Release|Any CPU.ActiveCfg = Release|Any CPU
		{A0E1650A-6FC4-4FC0-8724-18347CB89781}.Release|Any CPU.Build.0 = Release|Any CPU
		{A0E1650A-6FC4-4FC0-8724-18347CB89781}.Prerelease|Any CPU.ActiveCfg = Prerelease|Any CPU
		{A0E1650A-6FC4-4FC0-8724-18347CB89781}.Prerelease|Any CPU.Build.0 = Prerelease|Any CPU
		{2553BF73-FE43-4D49-AB8D-41EA51FFB6A5}.Debug|Any CPU.ActiveCfg = Debug|Any CPU
		{2553BF73-FE43-4D49-AB8D-41EA51FFB6A5}.Debug|Any CPU.Build.0 = Debug|Any CPU
		{2553BF73-FE43-4D49-AB8D-41EA51FFB6A5}.Release|Any CPU.ActiveCfg = Release|Any CPU
		{2553BF73-FE43-4D49-AB8D-41EA51FFB6A5}.Release|Any CPU.Build.0 = Release|Any CPU
		{2553BF73-FE43-4D49-AB8D-41EA51FFB6A5}.Prerelease|Any CPU.ActiveCfg = Prerelease|Any CPU
		{2553BF73-FE43-4D49-AB8D-41EA51FFB6A5}.Prerelease|Any CPU.Build.0 = Prerelease|Any CPU
		{FED36F5A-B1FA-4D32-9449-26B9C53DC604}.Debug|Any CPU.ActiveCfg = Debug|Any CPU
		{FED36F5A-B1FA-4D32-9449-26B9C53DC604}.Debug|Any CPU.Build.0 = Debug|Any CPU
		{FED36F5A-B1FA-4D32-9449-26B9C53DC604}.Release|Any CPU.ActiveCfg = Release|Any CPU
		{FED36F5A-B1FA-4D32-9449-26B9C53DC604}.Release|Any CPU.Build.0 = Release|Any CPU
		{FED36F5A-B1FA-4D32-9449-26B9C53DC604}.Prerelease|Any CPU.ActiveCfg = Prerelease|Any CPU
		{FED36F5A-B1FA-4D32-9449-26B9C53DC604}.Prerelease|Any CPU.Build.0 = Prerelease|Any CPU
		{2D5BD992-8B8B-4FE1-8F17-C7481FAA894D}.Debug|Any CPU.ActiveCfg = Debug|Any CPU
		{2D5BD992-8B8B-4FE1-8F17-C7481FAA894D}.Debug|Any CPU.Build.0 = Debug|Any CPU
		{2D5BD992-8B8B-4FE1-8F17-C7481FAA894D}.Release|Any CPU.ActiveCfg = Release|Any CPU
		{2D5BD992-8B8B-4FE1-8F17-C7481FAA894D}.Release|Any CPU.Build.0 = Release|Any CPU
		{2D5BD992-8B8B-4FE1-8F17-C7481FAA894D}.Prerelease|Any CPU.ActiveCfg = Prerelease|Any CPU
		{2D5BD992-8B8B-4FE1-8F17-C7481FAA894D}.Prerelease|Any CPU.Build.0 = Prerelease|Any CPU
		{1A75A4C3-8F53-4180-A835-89BCB8A694DE}.Debug|Any CPU.ActiveCfg = Debug|Any CPU
		{1A75A4C3-8F53-4180-A835-89BCB8A694DE}.Debug|Any CPU.Build.0 = Debug|Any CPU
		{1A75A4C3-8F53-4180-A835-89BCB8A694DE}.Release|Any CPU.ActiveCfg = Release|Any CPU
		{1A75A4C3-8F53-4180-A835-89BCB8A694DE}.Release|Any CPU.Build.0 = Release|Any CPU
		{1A75A4C3-8F53-4180-A835-89BCB8A694DE}.Prerelease|Any CPU.ActiveCfg = Prerelease|Any CPU
		{1A75A4C3-8F53-4180-A835-89BCB8A694DE}.Prerelease|Any CPU.Build.0 = Prerelease|Any CPU
		{2E7FBFCA-4D36-42C4-84A9-E33668738F16}.Debug|Any CPU.ActiveCfg = Debug|Any CPU
		{2E7FBFCA-4D36-42C4-84A9-E33668738F16}.Debug|Any CPU.Build.0 = Debug|Any CPU
		{2E7FBFCA-4D36-42C4-84A9-E33668738F16}.Release|Any CPU.ActiveCfg = Release|Any CPU
		{2E7FBFCA-4D36-42C4-84A9-E33668738F16}.Release|Any CPU.Build.0 = Release|Any CPU
		{2E7FBFCA-4D36-42C4-84A9-E33668738F16}.Prerelease|Any CPU.ActiveCfg = Prerelease|Any CPU
		{2E7FBFCA-4D36-42C4-84A9-E33668738F16}.Prerelease|Any CPU.Build.0 = Prerelease|Any CPU
		{0D768908-9428-45BB-9208-1E3F60353EBA}.Debug|Any CPU.ActiveCfg = Debug|Any CPU
		{0D768908-9428-45BB-9208-1E3F60353EBA}.Debug|Any CPU.Build.0 = Debug|Any CPU
		{0D768908-9428-45BB-9208-1E3F60353EBA}.Release|Any CPU.ActiveCfg = Release|Any CPU
		{0D768908-9428-45BB-9208-1E3F60353EBA}.Release|Any CPU.Build.0 = Release|Any CPU
		{0D768908-9428-45BB-9208-1E3F60353EBA}.Prerelease|Any CPU.ActiveCfg = Prerelease|Any CPU
		{0D768908-9428-45BB-9208-1E3F60353EBA}.Prerelease|Any CPU.Build.0 = Prerelease|Any CPU
		{A438735C-4E79-4129-B97E-FC5F07734193}.Debug|Any CPU.ActiveCfg = Debug|Any CPU
		{A438735C-4E79-4129-B97E-FC5F07734193}.Debug|Any CPU.Build.0 = Debug|Any CPU
		{A438735C-4E79-4129-B97E-FC5F07734193}.Release|Any CPU.ActiveCfg = Release|Any CPU
		{A438735C-4E79-4129-B97E-FC5F07734193}.Release|Any CPU.Build.0 = Release|Any CPU
		{A438735C-4E79-4129-B97E-FC5F07734193}.Prerelease|Any CPU.ActiveCfg = Prerelease|Any CPU
		{A438735C-4E79-4129-B97E-FC5F07734193}.Prerelease|Any CPU.Build.0 = Prerelease|Any CPU
		{937228FF-7E52-48AF-82EB-2ECFD6C5E308}.Debug|Any CPU.ActiveCfg = Debug|Any CPU
		{937228FF-7E52-48AF-82EB-2ECFD6C5E308}.Debug|Any CPU.Build.0 = Debug|Any CPU
		{937228FF-7E52-48AF-82EB-2ECFD6C5E308}.Release|Any CPU.ActiveCfg = Release|Any CPU
		{937228FF-7E52-48AF-82EB-2ECFD6C5E308}.Release|Any CPU.Build.0 = Release|Any CPU
		{937228FF-7E52-48AF-82EB-2ECFD6C5E308}.Prerelease|Any CPU.ActiveCfg = Prerelease|Any CPU
		{937228FF-7E52-48AF-82EB-2ECFD6C5E308}.Prerelease|Any CPU.Build.0 = Prerelease|Any CPU
	EndGlobalSection
	GlobalSection(NestedProjects) = preSolution
		{5F92E664-565A-4E3C-AE0C-D307B8E93BB0} = {C657EFFA-9879-416A-8847-091FD2C3467E}
		{D5ADD538-44FA-4934-86EC-35C0F5E1E080} = {C657EFFA-9879-416A-8847-091FD2C3467E}
		{85A45314-D933-45FD-94BA-3583EC655116} = {C657EFFA-9879-416A-8847-091FD2C3467E}
		{A10A63C6-7799-4E05-840F-FACEE15B2CF5} = {C657EFFA-9879-416A-8847-091FD2C3467E}
		{6757E645-091D-4E31-AB24-1A7B93936DDF} = {C657EFFA-9879-416A-8847-091FD2C3467E}
		{6A17E500-4667-4136-9133-0EFF6783CC4F} = {C657EFFA-9879-416A-8847-091FD2C3467E}
		{A0E1650A-6FC4-4FC0-8724-18347CB89781} = {C657EFFA-9879-416A-8847-091FD2C3467E}
		{2553BF73-FE43-4D49-AB8D-41EA51FFB6A5} = {C657EFFA-9879-416A-8847-091FD2C3467E}
		{0D768908-9428-45BB-9208-1E3F60353EBA} = {C657EFFA-9879-416A-8847-091FD2C3467E}
		{A438735C-4E79-4129-B97E-FC5F07734193} = {C657EFFA-9879-416A-8847-091FD2C3467E}
	EndGlobalSection
EndGlobal
