
Microsoft Visual Studio Solution File, Format Version 12.00
Project("{FAE04EC0-301F-11D3-BF4B-00C04F79EFBC}") = "SDL3-CS", "SDL3-CS\SDL3-CS.csproj", "{C12D9E93-09BD-4FDA-B27E-37E6A5D1B60F}"
EndProject
Project("{FAE04EC0-301F-11D3-BF4B-00C04F79EFBC}") = "Create Window", "SDL3-CS.Examples\Create Window\Create Window.csproj", "{85A45314-D933-45FD-94BA-3583EC655116}"
EndProject
Project("{FAE04EC0-301F-11D3-BF4B-00C04F79EFBC}") = "Circular Color Fade", "SDL3-CS.Examples\Circular Color Fade\Circular Color Fade.csproj", "{A10A63C6-7799-4E05-840F-FACEE15B2CF5}"
EndProject
Project("{FAE04EC0-301F-11D3-BF4B-00C04F79EFBC}") = "FPS Counter", "SDL3-CS.Examples\FPS Counter\FPS Counter.csproj", "{D5ADD538-44FA-4934-86EC-35C0F5E1E080}"
EndProject
Project("{FAE04EC0-301F-11D3-BF4B-00C04F79EFBC}") = "Camera", "SDL3-CS.Examples\Camera\Camera.csproj", "{6757E645-091D-4E31-AB24-1A7B93936DDF}"
EndProject
Project("{FAE04EC0-301F-11D3-BF4B-00C04F79EFBC}") = "File Dialog", "SDL3-CS.Examples\File Dialog\File Dialog.csproj", "{5F92E664-565A-4E3C-AE0C-D307B8E93BB0}"
EndProject
Project("{FAE04EC0-301F-11D3-BF4B-00C04F79EFBC}") = "VHS Camera", "SDL3-CS.Examples\VHS Camera\VHS Camera.csproj", "{6A17E500-4667-4136-9133-0EFF6783CC4F}"
EndProject
Project("{2150E333-8FDC-42A3-9474-1A3956D46DE8}") = "Examples", "Examples", "{C657EFFA-9879-416A-8847-091FD2C3467E}"
EndProject
Project("{FAE04EC0-301F-11D3-BF4B-00C04F79EFBC}") = "Message Box", "SDL3-CS.Examples\Message Box\Message Box.csproj", "{A0E1650A-6FC4-4FC0-8724-18347CB89781}"
EndProject
Project("{FAE04EC0-301F-11D3-BF4B-00C04F79EFBC}") = "Color Quantization", "SDL3-CS.Examples\Color Quantization\Color Quantization.csproj", "{2553BF73-FE43-4D49-AB8D-41EA51FFB6A5}"
EndProject
Project("{FAE04EC0-301F-11D3-BF4B-00C04F79EFBC}") = "GPU API Circular Color Fade", "SDL3-CS.Examples\GPU API Circular Color Fade\GPU API Circular Color Fade.csproj", "{0D768908-9428-45BB-9208-1E3F60353EBA}"
EndProject
Project("{FAE04EC0-301F-11D3-BF4B-00C04F79EFBC}") = "AndroidCircularColorFade", "SDL3-CS.Examples\AndroidCircularColorFade\AndroidCircularColorFade.csproj", "{A438735C-4E79-4129-B97E-FC5F07734193}"
EndProject
Project("{FAE04EC0-301F-11D3-BF4B-00C04F79EFBC}") = "Mixer Track Playback", "SDL3-CS.Examples\Mixer Track Playback\Mixer Track Playback.csproj", "{8FE8BF7D-32DB-41DE-9947-CBE2B3213243}"
EndProject
Project("{2150E333-8FDC-42A3-9474-1A3956D46DE8}") = "SDL3-CS.Examples", "SDL3-CS.Examples", "{34216173-67CD-0F4F-6671-DE800A56775D}"
EndProject
Project("{FAE04EC0-301F-11D3-BF4B-00C04F79EFBC}") = "Renderer Clear", "SDL3-CS.Examples\Renderer Clear\Renderer Clear.csproj", "{C2551319-B8EB-4820-A08F-51F3E99273E8}"
EndProject
Project("{FAE04EC0-301F-11D3-BF4B-00C04F79EFBC}") = "Renderer Primitives", "SDL3-CS.Examples\Renderer Primitives\Renderer Primitives.csproj", "{C6A3AF7E-FB40-4EB9-8F70-1FCA48F8AAEB}"
EndProject
Project("{FAE04EC0-301F-11D3-BF4B-00C04F79EFBC}") = "Renderer Lines", "SDL3-CS.Examples\Renderer Lines\Renderer Lines.csproj", "{BF68EC28-0886-4F64-9A64-450515DE2BD4}"
EndProject
Project("{FAE04EC0-301F-11D3-BF4B-00C04F79EFBC}") = "Renderer Points", "SDL3-CS.Examples\Renderer Points\Renderer Points.csproj", "{0B0107E1-25AA-49CD-9F55-20F30C11A317}"
EndProject
Project("{FAE04EC0-301F-11D3-BF4B-00C04F79EFBC}") = "Renderer Rectangles", "SDL3-CS.Examples\Renderer Rectangles\Renderer Rectangles.csproj", "{E548E204-A82D-4CD0-88FB-CE8BBE93D890}"
EndProject
Project("{FAE04EC0-301F-11D3-BF4B-00C04F79EFBC}") = "Renderer Textures", "SDL3-CS.Examples\Renderer Textures\Renderer Textures.csproj", "{A02CD350-BEBF-4C61-8E0E-49DF67D22BF4}"
EndProject
Project("{FAE04EC0-301F-11D3-BF4B-00C04F79EFBC}") = "Renderer Streaming Textures", "SDL3-CS.Examples\Renderer Streaming Textures\Renderer Streaming Textures.csproj", "{7686A97B-0F87-4323-BB2D-6C2A825C2723}"
EndProject
Project("{FAE04EC0-301F-11D3-BF4B-00C04F79EFBC}") = "Renderer Rotating Textures", "SDL3-CS.Examples\Renderer Rotating Textures\Renderer Rotating Textures.csproj", "{95E53C0E-22EA-44B0-B608-A83EBBE54C06}"
EndProject
Project("{FAE04EC0-301F-11D3-BF4B-00C04F79EFBC}") = "Renderer Scaling Textures", "SDL3-CS.Examples\Renderer Scaling Textures\Renderer Scaling Textures.csproj", "{AB059056-6BF2-48EB-B9C3-6508E231AC41}"
EndProject
Project("{FAE04EC0-301F-11D3-BF4B-00C04F79EFBC}") = "Renderer Geometry", "SDL3-CS.Examples\Renderer Geometry\Renderer Geometry.csproj", "{F99D3DC6-84A7-4BBE-BF15-4F1B29E921B3}"
EndProject
Project("{FAE04EC0-301F-11D3-BF4B-00C04F79EFBC}") = "Renderer Color Mods", "SDL3-CS.Examples\Renderer Color Mods\Renderer Color Mods.csproj", "{3579A90B-78A5-4B87-A4DD-CEBD7388FFD7}"
EndProject
Project("{FAE04EC0-301F-11D3-BF4B-00C04F79EFBC}") = "Renderer Viewport", "SDL3-CS.Examples\Renderer Viewport\Renderer Viewport.csproj", "{EBE42811-2E3D-4017-90D3-F295F34E2F63}"
EndProject
Project("{FAE04EC0-301F-11D3-BF4B-00C04F79EFBC}") = "Renderer Cliprect", "SDL3-CS.Examples\Renderer Cliprect\Renderer Cliprect.csproj", "{C3156888-E7FF-4039-8572-BEF2F34DE243}"
EndProject
Project("{FAE04EC0-301F-11D3-BF4B-00C04F79EFBC}") = "Renderer Read Pixels", "SDL3-CS.Examples\Renderer Read Pixels\Renderer Read Pixels.csproj", "{DE9F1D82-C6BD-4F28-A4A0-A3BAF232CD18}"
EndProject
Project("{FAE04EC0-301F-11D3-BF4B-00C04F79EFBC}") = "Renderer Debug Text", "SDL3-CS.Examples\Renderer Debug Text\Renderer Debug Text.csproj", "{9F327A3D-2012-4318-8652-92BAD7AFAE11}"
EndProject
Project("{FAE04EC0-301F-11D3-BF4B-00C04F79EFBC}") = "Renderer Affine Textures", "SDL3-CS.Examples\Renderer Affine Textures\Renderer Affine Textures.csproj", "{F379015B-A0CD-41AE-8ACD-F8ADDB2B5C1E}"
EndProject
Project("{FAE04EC0-301F-11D3-BF4B-00C04F79EFBC}") = "Renderer Blending", "SDL3-CS.Examples\Renderer Blending\Renderer Blending.csproj", "{BF8B53AC-29FD-42A8-9E96-34B044BC0706}"
EndProject
Project("{FAE04EC0-301F-11D3-BF4B-00C04F79EFBC}") = "Input Joystick Polling", "SDL3-CS.Examples\Input Joystick Polling\Input Joystick Polling.csproj", "{4476AF5B-E965-4C60-A36E-20373DA5ADE0}"
EndProject
Project("{FAE04EC0-301F-11D3-BF4B-00C04F79EFBC}") = "Input Joystick Events", "SDL3-CS.Examples\Input Joystick Events\Input Joystick Events.csproj", "{A8BF9F0C-6B7F-4422-94A3-6B978F17EE8E}"
EndProject
Project("{FAE04EC0-301F-11D3-BF4B-00C04F79EFBC}") = "Input Gamepad Polling", "SDL3-CS.Examples\Input Gamepad Polling\Input Gamepad Polling.csproj", "{6C67411B-B03A-4D97-A285-CCA868992C77}"
EndProject
Project("{FAE04EC0-301F-11D3-BF4B-00C04F79EFBC}") = "Input Gamepad Events", "SDL3-CS.Examples\Input Gamepad Events\Input Gamepad Events.csproj", "{232A48F0-11DA-4E7C-8A50-99DFD148EB56}"
EndProject
Project("{FAE04EC0-301F-11D3-BF4B-00C04F79EFBC}") = "Input Gamepad Rumble", "SDL3-CS.Examples\Input Gamepad Rumble\Input Gamepad Rumble.csproj", "{DA03D2AE-FEFD-452D-A3DA-CF9B35F0391B}"
EndProject
Project("{FAE04EC0-301F-11D3-BF4B-00C04F79EFBC}") = "Audio Simple Playback", "SDL3-CS.Examples\Audio Simple Playback\Audio Simple Playback.csproj", "{1160CF5A-4C12-446B-9F43-B79695861685}"
EndProject
Project("{FAE04EC0-301F-11D3-BF4B-00C04F79EFBC}") = "Audio Simple Playback Callback", "SDL3-CS.Examples\Audio Simple Playback Callback\Audio Simple Playback Callback.csproj", "{752B3BEB-FDBE-46B2-AB3C-026A496556CB}"
EndProject
Project("{FAE04EC0-301F-11D3-BF4B-00C04F79EFBC}") = "Audio Load WAV", "SDL3-CS.Examples\Audio Load WAV\Audio Load WAV.csproj", "{92488A75-C349-4553-9C26-C0E7158592A5}"
EndProject
Project("{FAE04EC0-301F-11D3-BF4B-00C04F79EFBC}") = "Audio Multiple Streams", "SDL3-CS.Examples\Audio Multiple Streams\Audio Multiple Streams.csproj", "{426F1E88-26D4-4238-9B0B-CB966B27CF16}"
EndProject
Project("{FAE04EC0-301F-11D3-BF4B-00C04F79EFBC}") = "Audio Planar Data", "SDL3-CS.Examples\Audio Planar Data\Audio Planar Data.csproj", "{C0B777F7-F589-4B15-AC2C-787AA7130902}"
EndProject
Project("{FAE04EC0-301F-11D3-BF4B-00C04F79EFBC}") = "Camera Read And Draw", "SDL3-CS.Examples\Camera Read And Draw\Camera Read And Draw.csproj", "{33AFE76A-7C14-4C20-9732-DE6D3A12BCF6}"
EndProject
Project("{FAE04EC0-301F-11D3-BF4B-00C04F79EFBC}") = "Asyncio Load Bitmaps", "SDL3-CS.Examples\Asyncio Load Bitmaps\Asyncio Load Bitmaps.csproj", "{8EAA2BD6-49C7-4954-990D-786E7D0C2810}"
EndProject
Project("{FAE04EC0-301F-11D3-BF4B-00C04F79EFBC}") = "Pen Drawing Lines", "SDL3-CS.Examples\Pen Drawing Lines\Pen Drawing Lines.csproj", "{518DDD49-192F-4E23-8ECD-8433E58D9B99}"
EndProject
Project("{FAE04EC0-301F-11D3-BF4B-00C04F79EFBC}") = "Misc Power", "SDL3-CS.Examples\Misc Power\Misc Power.csproj", "{53BD55D5-1516-445F-B71D-DA40DA999914}"
EndProject
Project("{FAE04EC0-301F-11D3-BF4B-00C04F79EFBC}") = "Misc Clipboard", "SDL3-CS.Examples\Misc Clipboard\Misc Clipboard.csproj", "{C4AB57EB-058C-4F01-9250-7AAB3F4C27E9}"
EndProject
Project("{FAE04EC0-301F-11D3-BF4B-00C04F79EFBC}") = "Misc Locale", "SDL3-CS.Examples\Misc Locale\Misc Locale.csproj", "{3CB795F2-46D7-4310-845A-6092042FE163}"
EndProject
Project("{FAE04EC0-301F-11D3-BF4B-00C04F79EFBC}") = "Demo Snake", "SDL3-CS.Examples\Demo Snake\Demo Snake.csproj", "{B43152BB-AC61-4C1F-8CB6-AEBEE7F03515}"
EndProject
Project("{FAE04EC0-301F-11D3-BF4B-00C04F79EFBC}") = "Demo Woodeneye 008", "SDL3-CS.Examples\Demo Woodeneye 008\Demo Woodeneye 008.csproj", "{696E9F71-59D6-43F1-996C-56271B8FC29F}"
EndProject
Project("{FAE04EC0-301F-11D3-BF4B-00C04F79EFBC}") = "Demo Infinite Monkeys", "SDL3-CS.Examples\Demo Infinite Monkeys\Demo Infinite Monkeys.csproj", "{8D81DB8D-92B6-4260-97F7-1604103B7A36}"
EndProject
Project("{FAE04EC0-301F-11D3-BF4B-00C04F79EFBC}") = "Demo Bytepusher", "SDL3-CS.Examples\Demo Bytepusher\Demo Bytepusher.csproj", "{B2B70ABD-2294-46B6-87F3-C1BB83CF1B95}"
EndProject
Global
	GlobalSection(SolutionConfigurationPlatforms) = preSolution
		Debug|Any CPU = Debug|Any CPU
		Debug|x64 = Debug|x64
		Debug|x86 = Debug|x86
		Release|Any CPU = Release|Any CPU
		Release|x64 = Release|x64
		Release|x86 = Release|x86
		Prerelease|Any CPU = Prerelease|Any CPU
		Prerelease|x64 = Prerelease|x64
		Prerelease|x86 = Prerelease|x86
	EndGlobalSection
	GlobalSection(ProjectConfigurationPlatforms) = postSolution
		{C12D9E93-09BD-4FDA-B27E-37E6A5D1B60F}.Debug|Any CPU.ActiveCfg = Debug|Any CPU
		{C12D9E93-09BD-4FDA-B27E-37E6A5D1B60F}.Debug|Any CPU.Build.0 = Debug|Any CPU
		{C12D9E93-09BD-4FDA-B27E-37E6A5D1B60F}.Debug|x64.ActiveCfg = Debug|Any CPU
		{C12D9E93-09BD-4FDA-B27E-37E6A5D1B60F}.Debug|x64.Build.0 = Debug|Any CPU
		{C12D9E93-09BD-4FDA-B27E-37E6A5D1B60F}.Debug|x86.ActiveCfg = Debug|Any CPU
		{C12D9E93-09BD-4FDA-B27E-37E6A5D1B60F}.Debug|x86.Build.0 = Debug|Any CPU
		{C12D9E93-09BD-4FDA-B27E-37E6A5D1B60F}.Release|Any CPU.ActiveCfg = Release|Any CPU
		{C12D9E93-09BD-4FDA-B27E-37E6A5D1B60F}.Release|Any CPU.Build.0 = Release|Any CPU
		{C12D9E93-09BD-4FDA-B27E-37E6A5D1B60F}.Release|x64.ActiveCfg = Release|Any CPU
		{C12D9E93-09BD-4FDA-B27E-37E6A5D1B60F}.Release|x64.Build.0 = Release|Any CPU
		{C12D9E93-09BD-4FDA-B27E-37E6A5D1B60F}.Release|x86.ActiveCfg = Release|Any CPU
		{C12D9E93-09BD-4FDA-B27E-37E6A5D1B60F}.Release|x86.Build.0 = Release|Any CPU
		{C12D9E93-09BD-4FDA-B27E-37E6A5D1B60F}.Prerelease|Any CPU.ActiveCfg = Prerelease|Any CPU
		{C12D9E93-09BD-4FDA-B27E-37E6A5D1B60F}.Prerelease|Any CPU.Build.0 = Prerelease|Any CPU
		{C12D9E93-09BD-4FDA-B27E-37E6A5D1B60F}.Prerelease|x64.ActiveCfg = Prerelease|Any CPU
		{C12D9E93-09BD-4FDA-B27E-37E6A5D1B60F}.Prerelease|x64.Build.0 = Prerelease|Any CPU
		{C12D9E93-09BD-4FDA-B27E-37E6A5D1B60F}.Prerelease|x86.ActiveCfg = Prerelease|Any CPU
		{C12D9E93-09BD-4FDA-B27E-37E6A5D1B60F}.Prerelease|x86.Build.0 = Prerelease|Any CPU
		{85A45314-D933-45FD-94BA-3583EC655116}.Debug|Any CPU.ActiveCfg = Debug|Any CPU
		{85A45314-D933-45FD-94BA-3583EC655116}.Debug|Any CPU.Build.0 = Debug|Any CPU
		{85A45314-D933-45FD-94BA-3583EC655116}.Debug|x64.ActiveCfg = Debug|Any CPU
		{85A45314-D933-45FD-94BA-3583EC655116}.Debug|x64.Build.0 = Debug|Any CPU
		{85A45314-D933-45FD-94BA-3583EC655116}.Debug|x86.ActiveCfg = Debug|Any CPU
		{85A45314-D933-45FD-94BA-3583EC655116}.Debug|x86.Build.0 = Debug|Any CPU
		{85A45314-D933-45FD-94BA-3583EC655116}.Release|Any CPU.ActiveCfg = Release|Any CPU
		{85A45314-D933-45FD-94BA-3583EC655116}.Release|Any CPU.Build.0 = Release|Any CPU
		{85A45314-D933-45FD-94BA-3583EC655116}.Release|x64.ActiveCfg = Release|Any CPU
		{85A45314-D933-45FD-94BA-3583EC655116}.Release|x64.Build.0 = Release|Any CPU
		{85A45314-D933-45FD-94BA-3583EC655116}.Release|x86.ActiveCfg = Release|Any CPU
		{85A45314-D933-45FD-94BA-3583EC655116}.Release|x86.Build.0 = Release|Any CPU
		{85A45314-D933-45FD-94BA-3583EC655116}.Prerelease|Any CPU.ActiveCfg = Release|Any CPU
		{85A45314-D933-45FD-94BA-3583EC655116}.Prerelease|Any CPU.Build.0 = Release|Any CPU
		{85A45314-D933-45FD-94BA-3583EC655116}.Prerelease|x64.ActiveCfg = Prerelease|Any CPU
		{85A45314-D933-45FD-94BA-3583EC655116}.Prerelease|x64.Build.0 = Prerelease|Any CPU
		{85A45314-D933-45FD-94BA-3583EC655116}.Prerelease|x86.ActiveCfg = Prerelease|Any CPU
		{85A45314-D933-45FD-94BA-3583EC655116}.Prerelease|x86.Build.0 = Prerelease|Any CPU
		{A10A63C6-7799-4E05-840F-FACEE15B2CF5}.Debug|Any CPU.ActiveCfg = Debug|Any CPU
		{A10A63C6-7799-4E05-840F-FACEE15B2CF5}.Debug|Any CPU.Build.0 = Debug|Any CPU
		{A10A63C6-7799-4E05-840F-FACEE15B2CF5}.Debug|x64.ActiveCfg = Debug|Any CPU
		{A10A63C6-7799-4E05-840F-FACEE15B2CF5}.Debug|x64.Build.0 = Debug|Any CPU
		{A10A63C6-7799-4E05-840F-FACEE15B2CF5}.Debug|x86.ActiveCfg = Debug|Any CPU
		{A10A63C6-7799-4E05-840F-FACEE15B2CF5}.Debug|x86.Build.0 = Debug|Any CPU
		{A10A63C6-7799-4E05-840F-FACEE15B2CF5}.Release|Any CPU.ActiveCfg = Release|Any CPU
		{A10A63C6-7799-4E05-840F-FACEE15B2CF5}.Release|Any CPU.Build.0 = Release|Any CPU
		{A10A63C6-7799-4E05-840F-FACEE15B2CF5}.Release|x64.ActiveCfg = Release|Any CPU
		{A10A63C6-7799-4E05-840F-FACEE15B2CF5}.Release|x64.Build.0 = Release|Any CPU
		{A10A63C6-7799-4E05-840F-FACEE15B2CF5}.Release|x86.ActiveCfg = Release|Any CPU
		{A10A63C6-7799-4E05-840F-FACEE15B2CF5}.Release|x86.Build.0 = Release|Any CPU
		{A10A63C6-7799-4E05-840F-FACEE15B2CF5}.Prerelease|Any CPU.ActiveCfg = Release|Any CPU
		{A10A63C6-7799-4E05-840F-FACEE15B2CF5}.Prerelease|Any CPU.Build.0 = Release|Any CPU
		{A10A63C6-7799-4E05-840F-FACEE15B2CF5}.Prerelease|x64.ActiveCfg = Prerelease|Any CPU
		{A10A63C6-7799-4E05-840F-FACEE15B2CF5}.Prerelease|x64.Build.0 = Prerelease|Any CPU
		{A10A63C6-7799-4E05-840F-FACEE15B2CF5}.Prerelease|x86.ActiveCfg = Prerelease|Any CPU
		{A10A63C6-7799-4E05-840F-FACEE15B2CF5}.Prerelease|x86.Build.0 = Prerelease|Any CPU
		{D5ADD538-44FA-4934-86EC-35C0F5E1E080}.Debug|Any CPU.ActiveCfg = Debug|Any CPU
		{D5ADD538-44FA-4934-86EC-35C0F5E1E080}.Debug|Any CPU.Build.0 = Debug|Any CPU
		{D5ADD538-44FA-4934-86EC-35C0F5E1E080}.Debug|x64.ActiveCfg = Debug|Any CPU
		{D5ADD538-44FA-4934-86EC-35C0F5E1E080}.Debug|x64.Build.0 = Debug|Any CPU
		{D5ADD538-44FA-4934-86EC-35C0F5E1E080}.Debug|x86.ActiveCfg = Debug|Any CPU
		{D5ADD538-44FA-4934-86EC-35C0F5E1E080}.Debug|x86.Build.0 = Debug|Any CPU
		{D5ADD538-44FA-4934-86EC-35C0F5E1E080}.Release|Any CPU.ActiveCfg = Release|Any CPU
		{D5ADD538-44FA-4934-86EC-35C0F5E1E080}.Release|Any CPU.Build.0 = Release|Any CPU
		{D5ADD538-44FA-4934-86EC-35C0F5E1E080}.Release|x64.ActiveCfg = Release|Any CPU
		{D5ADD538-44FA-4934-86EC-35C0F5E1E080}.Release|x64.Build.0 = Release|Any CPU
		{D5ADD538-44FA-4934-86EC-35C0F5E1E080}.Release|x86.ActiveCfg = Release|Any CPU
		{D5ADD538-44FA-4934-86EC-35C0F5E1E080}.Release|x86.Build.0 = Release|Any CPU
		{D5ADD538-44FA-4934-86EC-35C0F5E1E080}.Prerelease|Any CPU.ActiveCfg = Release|Any CPU
		{D5ADD538-44FA-4934-86EC-35C0F5E1E080}.Prerelease|Any CPU.Build.0 = Release|Any CPU
		{D5ADD538-44FA-4934-86EC-35C0F5E1E080}.Prerelease|x64.ActiveCfg = Prerelease|Any CPU
		{D5ADD538-44FA-4934-86EC-35C0F5E1E080}.Prerelease|x64.Build.0 = Prerelease|Any CPU
		{D5ADD538-44FA-4934-86EC-35C0F5E1E080}.Prerelease|x86.ActiveCfg = Prerelease|Any CPU
		{D5ADD538-44FA-4934-86EC-35C0F5E1E080}.Prerelease|x86.Build.0 = Prerelease|Any CPU
		{6757E645-091D-4E31-AB24-1A7B93936DDF}.Debug|Any CPU.ActiveCfg = Debug|Any CPU
		{6757E645-091D-4E31-AB24-1A7B93936DDF}.Debug|Any CPU.Build.0 = Debug|Any CPU
		{6757E645-091D-4E31-AB24-1A7B93936DDF}.Debug|x64.ActiveCfg = Debug|Any CPU
		{6757E645-091D-4E31-AB24-1A7B93936DDF}.Debug|x64.Build.0 = Debug|Any CPU
		{6757E645-091D-4E31-AB24-1A7B93936DDF}.Debug|x86.ActiveCfg = Debug|Any CPU
		{6757E645-091D-4E31-AB24-1A7B93936DDF}.Debug|x86.Build.0 = Debug|Any CPU
		{6757E645-091D-4E31-AB24-1A7B93936DDF}.Release|Any CPU.ActiveCfg = Release|Any CPU
		{6757E645-091D-4E31-AB24-1A7B93936DDF}.Release|Any CPU.Build.0 = Release|Any CPU
		{6757E645-091D-4E31-AB24-1A7B93936DDF}.Release|x64.ActiveCfg = Release|Any CPU
		{6757E645-091D-4E31-AB24-1A7B93936DDF}.Release|x64.Build.0 = Release|Any CPU
		{6757E645-091D-4E31-AB24-1A7B93936DDF}.Release|x86.ActiveCfg = Release|Any CPU
		{6757E645-091D-4E31-AB24-1A7B93936DDF}.Release|x86.Build.0 = Release|Any CPU
		{6757E645-091D-4E31-AB24-1A7B93936DDF}.Prerelease|Any CPU.ActiveCfg = Release|Any CPU
		{6757E645-091D-4E31-AB24-1A7B93936DDF}.Prerelease|Any CPU.Build.0 = Release|Any CPU
		{6757E645-091D-4E31-AB24-1A7B93936DDF}.Prerelease|x64.ActiveCfg = Prerelease|Any CPU
		{6757E645-091D-4E31-AB24-1A7B93936DDF}.Prerelease|x64.Build.0 = Prerelease|Any CPU
		{6757E645-091D-4E31-AB24-1A7B93936DDF}.Prerelease|x86.ActiveCfg = Prerelease|Any CPU
		{6757E645-091D-4E31-AB24-1A7B93936DDF}.Prerelease|x86.Build.0 = Prerelease|Any CPU
		{5F92E664-565A-4E3C-AE0C-D307B8E93BB0}.Debug|Any CPU.ActiveCfg = Debug|Any CPU
		{5F92E664-565A-4E3C-AE0C-D307B8E93BB0}.Debug|Any CPU.Build.0 = Debug|Any CPU
		{5F92E664-565A-4E3C-AE0C-D307B8E93BB0}.Debug|x64.ActiveCfg = Debug|Any CPU
		{5F92E664-565A-4E3C-AE0C-D307B8E93BB0}.Debug|x64.Build.0 = Debug|Any CPU
		{5F92E664-565A-4E3C-AE0C-D307B8E93BB0}.Debug|x86.ActiveCfg = Debug|Any CPU
		{5F92E664-565A-4E3C-AE0C-D307B8E93BB0}.Debug|x86.Build.0 = Debug|Any CPU
		{5F92E664-565A-4E3C-AE0C-D307B8E93BB0}.Release|Any CPU.ActiveCfg = Release|Any CPU
		{5F92E664-565A-4E3C-AE0C-D307B8E93BB0}.Release|Any CPU.Build.0 = Release|Any CPU
		{5F92E664-565A-4E3C-AE0C-D307B8E93BB0}.Release|x64.ActiveCfg = Release|Any CPU
		{5F92E664-565A-4E3C-AE0C-D307B8E93BB0}.Release|x64.Build.0 = Release|Any CPU
		{5F92E664-565A-4E3C-AE0C-D307B8E93BB0}.Release|x86.ActiveCfg = Release|Any CPU
		{5F92E664-565A-4E3C-AE0C-D307B8E93BB0}.Release|x86.Build.0 = Release|Any CPU
		{5F92E664-565A-4E3C-AE0C-D307B8E93BB0}.Prerelease|Any CPU.ActiveCfg = Release|Any CPU
		{5F92E664-565A-4E3C-AE0C-D307B8E93BB0}.Prerelease|Any CPU.Build.0 = Release|Any CPU
		{5F92E664-565A-4E3C-AE0C-D307B8E93BB0}.Prerelease|x64.ActiveCfg = Prerelease|Any CPU
		{5F92E664-565A-4E3C-AE0C-D307B8E93BB0}.Prerelease|x64.Build.0 = Prerelease|Any CPU
		{5F92E664-565A-4E3C-AE0C-D307B8E93BB0}.Prerelease|x86.ActiveCfg = Prerelease|Any CPU
		{5F92E664-565A-4E3C-AE0C-D307B8E93BB0}.Prerelease|x86.Build.0 = Prerelease|Any CPU
		{6A17E500-4667-4136-9133-0EFF6783CC4F}.Debug|Any CPU.ActiveCfg = Debug|Any CPU
		{6A17E500-4667-4136-9133-0EFF6783CC4F}.Debug|Any CPU.Build.0 = Debug|Any CPU
		{6A17E500-4667-4136-9133-0EFF6783CC4F}.Debug|x64.ActiveCfg = Debug|Any CPU
		{6A17E500-4667-4136-9133-0EFF6783CC4F}.Debug|x64.Build.0 = Debug|Any CPU
		{6A17E500-4667-4136-9133-0EFF6783CC4F}.Debug|x86.ActiveCfg = Debug|Any CPU
		{6A17E500-4667-4136-9133-0EFF6783CC4F}.Debug|x86.Build.0 = Debug|Any CPU
		{6A17E500-4667-4136-9133-0EFF6783CC4F}.Release|Any CPU.ActiveCfg = Release|Any CPU
		{6A17E500-4667-4136-9133-0EFF6783CC4F}.Release|Any CPU.Build.0 = Release|Any CPU
		{6A17E500-4667-4136-9133-0EFF6783CC4F}.Release|x64.ActiveCfg = Release|Any CPU
		{6A17E500-4667-4136-9133-0EFF6783CC4F}.Release|x64.Build.0 = Release|Any CPU
		{6A17E500-4667-4136-9133-0EFF6783CC4F}.Release|x86.ActiveCfg = Release|Any CPU
		{6A17E500-4667-4136-9133-0EFF6783CC4F}.Release|x86.Build.0 = Release|Any CPU
		{6A17E500-4667-4136-9133-0EFF6783CC4F}.Prerelease|Any CPU.ActiveCfg = Release|Any CPU
		{6A17E500-4667-4136-9133-0EFF6783CC4F}.Prerelease|Any CPU.Build.0 = Release|Any CPU
		{6A17E500-4667-4136-9133-0EFF6783CC4F}.Prerelease|x64.ActiveCfg = Prerelease|Any CPU
		{6A17E500-4667-4136-9133-0EFF6783CC4F}.Prerelease|x64.Build.0 = Prerelease|Any CPU
		{6A17E500-4667-4136-9133-0EFF6783CC4F}.Prerelease|x86.ActiveCfg = Prerelease|Any CPU
		{6A17E500-4667-4136-9133-0EFF6783CC4F}.Prerelease|x86.Build.0 = Prerelease|Any CPU
		{A0E1650A-6FC4-4FC0-8724-18347CB89781}.Debug|Any CPU.ActiveCfg = Debug|Any CPU
		{A0E1650A-6FC4-4FC0-8724-18347CB89781}.Debug|Any CPU.Build.0 = Debug|Any CPU
		{A0E1650A-6FC4-4FC0-8724-18347CB89781}.Debug|x64.ActiveCfg = Debug|Any CPU
		{A0E1650A-6FC4-4FC0-8724-18347CB89781}.Debug|x64.Build.0 = Debug|Any CPU
		{A0E1650A-6FC4-4FC0-8724-18347CB89781}.Debug|x86.ActiveCfg = Debug|Any CPU
		{A0E1650A-6FC4-4FC0-8724-18347CB89781}.Debug|x86.Build.0 = Debug|Any CPU
		{A0E1650A-6FC4-4FC0-8724-18347CB89781}.Release|Any CPU.ActiveCfg = Release|Any CPU
		{A0E1650A-6FC4-4FC0-8724-18347CB89781}.Release|Any CPU.Build.0 = Release|Any CPU
		{A0E1650A-6FC4-4FC0-8724-18347CB89781}.Release|x64.ActiveCfg = Release|Any CPU
		{A0E1650A-6FC4-4FC0-8724-18347CB89781}.Release|x64.Build.0 = Release|Any CPU
		{A0E1650A-6FC4-4FC0-8724-18347CB89781}.Release|x86.ActiveCfg = Release|Any CPU
		{A0E1650A-6FC4-4FC0-8724-18347CB89781}.Release|x86.Build.0 = Release|Any CPU
		{A0E1650A-6FC4-4FC0-8724-18347CB89781}.Prerelease|Any CPU.ActiveCfg = Release|Any CPU
		{A0E1650A-6FC4-4FC0-8724-18347CB89781}.Prerelease|Any CPU.Build.0 = Release|Any CPU
		{A0E1650A-6FC4-4FC0-8724-18347CB89781}.Prerelease|x64.ActiveCfg = Prerelease|Any CPU
		{A0E1650A-6FC4-4FC0-8724-18347CB89781}.Prerelease|x64.Build.0 = Prerelease|Any CPU
		{A0E1650A-6FC4-4FC0-8724-18347CB89781}.Prerelease|x86.ActiveCfg = Prerelease|Any CPU
		{A0E1650A-6FC4-4FC0-8724-18347CB89781}.Prerelease|x86.Build.0 = Prerelease|Any CPU
		{2553BF73-FE43-4D49-AB8D-41EA51FFB6A5}.Debug|Any CPU.ActiveCfg = Debug|Any CPU
		{2553BF73-FE43-4D49-AB8D-41EA51FFB6A5}.Debug|Any CPU.Build.0 = Debug|Any CPU
		{2553BF73-FE43-4D49-AB8D-41EA51FFB6A5}.Debug|x64.ActiveCfg = Debug|Any CPU
		{2553BF73-FE43-4D49-AB8D-41EA51FFB6A5}.Debug|x64.Build.0 = Debug|Any CPU
		{2553BF73-FE43-4D49-AB8D-41EA51FFB6A5}.Debug|x86.ActiveCfg = Debug|Any CPU
		{2553BF73-FE43-4D49-AB8D-41EA51FFB6A5}.Debug|x86.Build.0 = Debug|Any CPU
		{2553BF73-FE43-4D49-AB8D-41EA51FFB6A5}.Release|Any CPU.ActiveCfg = Release|Any CPU
		{2553BF73-FE43-4D49-AB8D-41EA51FFB6A5}.Release|Any CPU.Build.0 = Release|Any CPU
		{2553BF73-FE43-4D49-AB8D-41EA51FFB6A5}.Release|x64.ActiveCfg = Release|Any CPU
		{2553BF73-FE43-4D49-AB8D-41EA51FFB6A5}.Release|x64.Build.0 = Release|Any CPU
		{2553BF73-FE43-4D49-AB8D-41EA51FFB6A5}.Release|x86.ActiveCfg = Release|Any CPU
		{2553BF73-FE43-4D49-AB8D-41EA51FFB6A5}.Release|x86.Build.0 = Release|Any CPU
		{2553BF73-FE43-4D49-AB8D-41EA51FFB6A5}.Prerelease|Any CPU.ActiveCfg = Release|Any CPU
		{2553BF73-FE43-4D49-AB8D-41EA51FFB6A5}.Prerelease|Any CPU.Build.0 = Release|Any CPU
		{2553BF73-FE43-4D49-AB8D-41EA51FFB6A5}.Prerelease|x64.ActiveCfg = Prerelease|Any CPU
		{2553BF73-FE43-4D49-AB8D-41EA51FFB6A5}.Prerelease|x64.Build.0 = Prerelease|Any CPU
		{2553BF73-FE43-4D49-AB8D-41EA51FFB6A5}.Prerelease|x86.ActiveCfg = Prerelease|Any CPU
		{2553BF73-FE43-4D49-AB8D-41EA51FFB6A5}.Prerelease|x86.Build.0 = Prerelease|Any CPU
		{0D768908-9428-45BB-9208-1E3F60353EBA}.Debug|Any CPU.ActiveCfg = Debug|Any CPU
		{0D768908-9428-45BB-9208-1E3F60353EBA}.Debug|Any CPU.Build.0 = Debug|Any CPU
		{0D768908-9428-45BB-9208-1E3F60353EBA}.Debug|x64.ActiveCfg = Debug|Any CPU
		{0D768908-9428-45BB-9208-1E3F60353EBA}.Debug|x64.Build.0 = Debug|Any CPU
		{0D768908-9428-45BB-9208-1E3F60353EBA}.Debug|x86.ActiveCfg = Debug|Any CPU
		{0D768908-9428-45BB-9208-1E3F60353EBA}.Debug|x86.Build.0 = Debug|Any CPU
		{0D768908-9428-45BB-9208-1E3F60353EBA}.Release|Any CPU.ActiveCfg = Release|Any CPU
		{0D768908-9428-45BB-9208-1E3F60353EBA}.Release|Any CPU.Build.0 = Release|Any CPU
		{0D768908-9428-45BB-9208-1E3F60353EBA}.Release|x64.ActiveCfg = Release|Any CPU
		{0D768908-9428-45BB-9208-1E3F60353EBA}.Release|x64.Build.0 = Release|Any CPU
		{0D768908-9428-45BB-9208-1E3F60353EBA}.Release|x86.ActiveCfg = Release|Any CPU
		{0D768908-9428-45BB-9208-1E3F60353EBA}.Release|x86.Build.0 = Release|Any CPU
		{0D768908-9428-45BB-9208-1E3F60353EBA}.Prerelease|Any CPU.ActiveCfg = Release|Any CPU
		{0D768908-9428-45BB-9208-1E3F60353EBA}.Prerelease|Any CPU.Build.0 = Release|Any CPU
		{0D768908-9428-45BB-9208-1E3F60353EBA}.Prerelease|x64.ActiveCfg = Prerelease|Any CPU
		{0D768908-9428-45BB-9208-1E3F60353EBA}.Prerelease|x64.Build.0 = Prerelease|Any CPU
		{0D768908-9428-45BB-9208-1E3F60353EBA}.Prerelease|x86.ActiveCfg = Prerelease|Any CPU
		{0D768908-9428-45BB-9208-1E3F60353EBA}.Prerelease|x86.Build.0 = Prerelease|Any CPU
		{A438735C-4E79-4129-B97E-FC5F07734193}.Debug|Any CPU.ActiveCfg = Debug|Any CPU
		{A438735C-4E79-4129-B97E-FC5F07734193}.Debug|x64.ActiveCfg = Debug|Any CPU
		{A438735C-4E79-4129-B97E-FC5F07734193}.Debug|x64.Build.0 = Debug|Any CPU
		{A438735C-4E79-4129-B97E-FC5F07734193}.Debug|x86.ActiveCfg = Debug|Any CPU
		{A438735C-4E79-4129-B97E-FC5F07734193}.Debug|x86.Build.0 = Debug|Any CPU
		{A438735C-4E79-4129-B97E-FC5F07734193}.Release|Any CPU.ActiveCfg = Release|Any CPU
		{A438735C-4E79-4129-B97E-FC5F07734193}.Release|x64.ActiveCfg = Release|Any CPU
		{A438735C-4E79-4129-B97E-FC5F07734193}.Release|x64.Build.0 = Release|Any CPU
		{A438735C-4E79-4129-B97E-FC5F07734193}.Release|x86.ActiveCfg = Release|Any CPU
		{A438735C-4E79-4129-B97E-FC5F07734193}.Release|x86.Build.0 = Release|Any CPU
		{A438735C-4E79-4129-B97E-FC5F07734193}.Prerelease|Any CPU.ActiveCfg = Release|Any CPU
		{A438735C-4E79-4129-B97E-FC5F07734193}.Prerelease|x64.ActiveCfg = Prerelease|Any CPU
		{A438735C-4E79-4129-B97E-FC5F07734193}.Prerelease|x64.Build.0 = Prerelease|Any CPU
		{A438735C-4E79-4129-B97E-FC5F07734193}.Prerelease|x86.ActiveCfg = Prerelease|Any CPU
		{A438735C-4E79-4129-B97E-FC5F07734193}.Prerelease|x86.Build.0 = Prerelease|Any CPU
		{8FE8BF7D-32DB-41DE-9947-CBE2B3213243}.Debug|Any CPU.ActiveCfg = Debug|Any CPU
		{8FE8BF7D-32DB-41DE-9947-CBE2B3213243}.Debug|Any CPU.Build.0 = Debug|Any CPU
		{8FE8BF7D-32DB-41DE-9947-CBE2B3213243}.Debug|x64.ActiveCfg = Debug|Any CPU
		{8FE8BF7D-32DB-41DE-9947-CBE2B3213243}.Debug|x64.Build.0 = Debug|Any CPU
		{8FE8BF7D-32DB-41DE-9947-CBE2B3213243}.Debug|x86.ActiveCfg = Debug|Any CPU
		{8FE8BF7D-32DB-41DE-9947-CBE2B3213243}.Debug|x86.Build.0 = Debug|Any CPU
		{8FE8BF7D-32DB-41DE-9947-CBE2B3213243}.Release|Any CPU.ActiveCfg = Release|Any CPU
		{8FE8BF7D-32DB-41DE-9947-CBE2B3213243}.Release|Any CPU.Build.0 = Release|Any CPU
		{8FE8BF7D-32DB-41DE-9947-CBE2B3213243}.Release|x64.ActiveCfg = Release|Any CPU
		{8FE8BF7D-32DB-41DE-9947-CBE2B3213243}.Release|x64.Build.0 = Release|Any CPU
		{8FE8BF7D-32DB-41DE-9947-CBE2B3213243}.Release|x86.ActiveCfg = Release|Any CPU
		{8FE8BF7D-32DB-41DE-9947-CBE2B3213243}.Release|x86.Build.0 = Release|Any CPU
		{8FE8BF7D-32DB-41DE-9947-CBE2B3213243}.Prerelease|Any CPU.ActiveCfg = Debug|Any CPU
		{8FE8BF7D-32DB-41DE-9947-CBE2B3213243}.Prerelease|Any CPU.Build.0 = Debug|Any CPU
		{8FE8BF7D-32DB-41DE-9947-CBE2B3213243}.Prerelease|x64.ActiveCfg = Prerelease|Any CPU
		{8FE8BF7D-32DB-41DE-9947-CBE2B3213243}.Prerelease|x64.Build.0 = Prerelease|Any CPU
		{8FE8BF7D-32DB-41DE-9947-CBE2B3213243}.Prerelease|x86.ActiveCfg = Prerelease|Any CPU
		{8FE8BF7D-32DB-41DE-9947-CBE2B3213243}.Prerelease|x86.Build.0 = Prerelease|Any CPU
		{C2551319-B8EB-4820-A08F-51F3E99273E8}.Debug|Any CPU.ActiveCfg = Debug|Any CPU
		{C2551319-B8EB-4820-A08F-51F3E99273E8}.Debug|Any CPU.Build.0 = Debug|Any CPU
		{C2551319-B8EB-4820-A08F-51F3E99273E8}.Debug|x64.ActiveCfg = Debug|Any CPU
		{C2551319-B8EB-4820-A08F-51F3E99273E8}.Debug|x64.Build.0 = Debug|Any CPU
		{C2551319-B8EB-4820-A08F-51F3E99273E8}.Debug|x86.ActiveCfg = Debug|Any CPU
		{C2551319-B8EB-4820-A08F-51F3E99273E8}.Debug|x86.Build.0 = Debug|Any CPU
		{C2551319-B8EB-4820-A08F-51F3E99273E8}.Release|Any CPU.ActiveCfg = Release|Any CPU
		{C2551319-B8EB-4820-A08F-51F3E99273E8}.Release|Any CPU.Build.0 = Release|Any CPU
		{C2551319-B8EB-4820-A08F-51F3E99273E8}.Release|x64.ActiveCfg = Release|Any CPU
		{C2551319-B8EB-4820-A08F-51F3E99273E8}.Release|x64.Build.0 = Release|Any CPU
		{C2551319-B8EB-4820-A08F-51F3E99273E8}.Release|x86.ActiveCfg = Release|Any CPU
		{C2551319-B8EB-4820-A08F-51F3E99273E8}.Release|x86.Build.0 = Release|Any CPU
		{C2551319-B8EB-4820-A08F-51F3E99273E8}.Prerelease|Any CPU.ActiveCfg = Prerelease|Any CPU
		{C2551319-B8EB-4820-A08F-51F3E99273E8}.Prerelease|Any CPU.Build.0 = Prerelease|Any CPU
		{C2551319-B8EB-4820-A08F-51F3E99273E8}.Prerelease|x64.ActiveCfg = Prerelease|Any CPU
		{C2551319-B8EB-4820-A08F-51F3E99273E8}.Prerelease|x64.Build.0 = Prerelease|Any CPU
		{C2551319-B8EB-4820-A08F-51F3E99273E8}.Prerelease|x86.ActiveCfg = Prerelease|Any CPU
		{C2551319-B8EB-4820-A08F-51F3E99273E8}.Prerelease|x86.Build.0 = Prerelease|Any CPU
		{C6A3AF7E-FB40-4EB9-8F70-1FCA48F8AAEB}.Debug|Any CPU.ActiveCfg = Debug|Any CPU
		{C6A3AF7E-FB40-4EB9-8F70-1FCA48F8AAEB}.Debug|Any CPU.Build.0 = Debug|Any CPU
		{C6A3AF7E-FB40-4EB9-8F70-1FCA48F8AAEB}.Debug|x64.ActiveCfg = Debug|Any CPU
		{C6A3AF7E-FB40-4EB9-8F70-1FCA48F8AAEB}.Debug|x64.Build.0 = Debug|Any CPU
		{C6A3AF7E-FB40-4EB9-8F70-1FCA48F8AAEB}.Debug|x86.ActiveCfg = Debug|Any CPU
		{C6A3AF7E-FB40-4EB9-8F70-1FCA48F8AAEB}.Debug|x86.Build.0 = Debug|Any CPU
		{C6A3AF7E-FB40-4EB9-8F70-1FCA48F8AAEB}.Release|Any CPU.ActiveCfg = Release|Any CPU
		{C6A3AF7E-FB40-4EB9-8F70-1FCA48F8AAEB}.Release|Any CPU.Build.0 = Release|Any CPU
		{C6A3AF7E-FB40-4EB9-8F70-1FCA48F8AAEB}.Release|x64.ActiveCfg = Release|Any CPU
		{C6A3AF7E-FB40-4EB9-8F70-1FCA48F8AAEB}.Release|x64.Build.0 = Release|Any CPU
		{C6A3AF7E-FB40-4EB9-8F70-1FCA48F8AAEB}.Release|x86.ActiveCfg = Release|Any CPU
		{C6A3AF7E-FB40-4EB9-8F70-1FCA48F8AAEB}.Release|x86.Build.0 = Release|Any CPU
		{C6A3AF7E-FB40-4EB9-8F70-1FCA48F8AAEB}.Prerelease|Any CPU.ActiveCfg = Prerelease|Any CPU
		{C6A3AF7E-FB40-4EB9-8F70-1FCA48F8AAEB}.Prerelease|Any CPU.Build.0 = Prerelease|Any CPU
		{C6A3AF7E-FB40-4EB9-8F70-1FCA48F8AAEB}.Prerelease|x64.ActiveCfg = Prerelease|Any CPU
		{C6A3AF7E-FB40-4EB9-8F70-1FCA48F8AAEB}.Prerelease|x64.Build.0 = Prerelease|Any CPU
		{C6A3AF7E-FB40-4EB9-8F70-1FCA48F8AAEB}.Prerelease|x86.ActiveCfg = Prerelease|Any CPU
		{C6A3AF7E-FB40-4EB9-8F70-1FCA48F8AAEB}.Prerelease|x86.Build.0 = Prerelease|Any CPU
		{BF68EC28-0886-4F64-9A64-450515DE2BD4}.Debug|Any CPU.ActiveCfg = Debug|Any CPU
		{BF68EC28-0886-4F64-9A64-450515DE2BD4}.Debug|Any CPU.Build.0 = Debug|Any CPU
		{BF68EC28-0886-4F64-9A64-450515DE2BD4}.Debug|x64.ActiveCfg = Debug|Any CPU
		{BF68EC28-0886-4F64-9A64-450515DE2BD4}.Debug|x64.Build.0 = Debug|Any CPU
		{BF68EC28-0886-4F64-9A64-450515DE2BD4}.Debug|x86.ActiveCfg = Debug|Any CPU
		{BF68EC28-0886-4F64-9A64-450515DE2BD4}.Debug|x86.Build.0 = Debug|Any CPU
		{BF68EC28-0886-4F64-9A64-450515DE2BD4}.Release|Any CPU.ActiveCfg = Release|Any CPU
		{BF68EC28-0886-4F64-9A64-450515DE2BD4}.Release|Any CPU.Build.0 = Release|Any CPU
		{BF68EC28-0886-4F64-9A64-450515DE2BD4}.Release|x64.ActiveCfg = Release|Any CPU
		{BF68EC28-0886-4F64-9A64-450515DE2BD4}.Release|x64.Build.0 = Release|Any CPU
		{BF68EC28-0886-4F64-9A64-450515DE2BD4}.Release|x86.ActiveCfg = Release|Any CPU
		{BF68EC28-0886-4F64-9A64-450515DE2BD4}.Release|x86.Build.0 = Release|Any CPU
		{BF68EC28-0886-4F64-9A64-450515DE2BD4}.Prerelease|Any CPU.ActiveCfg = Prerelease|Any CPU
		{BF68EC28-0886-4F64-9A64-450515DE2BD4}.Prerelease|Any CPU.Build.0 = Prerelease|Any CPU
		{BF68EC28-0886-4F64-9A64-450515DE2BD4}.Prerelease|x64.ActiveCfg = Prerelease|Any CPU
		{BF68EC28-0886-4F64-9A64-450515DE2BD4}.Prerelease|x64.Build.0 = Prerelease|Any CPU
		{BF68EC28-0886-4F64-9A64-450515DE2BD4}.Prerelease|x86.ActiveCfg = Prerelease|Any CPU
		{BF68EC28-0886-4F64-9A64-450515DE2BD4}.Prerelease|x86.Build.0 = Prerelease|Any CPU
		{0B0107E1-25AA-49CD-9F55-20F30C11A317}.Debug|Any CPU.ActiveCfg = Debug|Any CPU
		{0B0107E1-25AA-49CD-9F55-20F30C11A317}.Debug|Any CPU.Build.0 = Debug|Any CPU
		{0B0107E1-25AA-49CD-9F55-20F30C11A317}.Debug|x64.ActiveCfg = Debug|Any CPU
		{0B0107E1-25AA-49CD-9F55-20F30C11A317}.Debug|x64.Build.0 = Debug|Any CPU
		{0B0107E1-25AA-49CD-9F55-20F30C11A317}.Debug|x86.ActiveCfg = Debug|Any CPU
		{0B0107E1-25AA-49CD-9F55-20F30C11A317}.Debug|x86.Build.0 = Debug|Any CPU
		{0B0107E1-25AA-49CD-9F55-20F30C11A317}.Release|Any CPU.ActiveCfg = Release|Any CPU
		{0B0107E1-25AA-49CD-9F55-20F30C11A317}.Release|Any CPU.Build.0 = Release|Any CPU
		{0B0107E1-25AA-49CD-9F55-20F30C11A317}.Release|x64.ActiveCfg = Release|Any CPU
		{0B0107E1-25AA-49CD-9F55-20F30C11A317}.Release|x64.Build.0 = Release|Any CPU
		{0B0107E1-25AA-49CD-9F55-20F30C11A317}.Release|x86.ActiveCfg = Release|Any CPU
		{0B0107E1-25AA-49CD-9F55-20F30C11A317}.Release|x86.Build.0 = Release|Any CPU
		{0B0107E1-25AA-49CD-9F55-20F30C11A317}.Prerelease|Any CPU.ActiveCfg = Prerelease|Any CPU
		{0B0107E1-25AA-49CD-9F55-20F30C11A317}.Prerelease|Any CPU.Build.0 = Prerelease|Any CPU
		{0B0107E1-25AA-49CD-9F55-20F30C11A317}.Prerelease|x64.ActiveCfg = Prerelease|Any CPU
		{0B0107E1-25AA-49CD-9F55-20F30C11A317}.Prerelease|x64.Build.0 = Prerelease|Any CPU
		{0B0107E1-25AA-49CD-9F55-20F30C11A317}.Prerelease|x86.ActiveCfg = Prerelease|Any CPU
		{0B0107E1-25AA-49CD-9F55-20F30C11A317}.Prerelease|x86.Build.0 = Prerelease|Any CPU
		{E548E204-A82D-4CD0-88FB-CE8BBE93D890}.Debug|Any CPU.ActiveCfg = Debug|Any CPU
		{E548E204-A82D-4CD0-88FB-CE8BBE93D890}.Debug|Any CPU.Build.0 = Debug|Any CPU
		{E548E204-A82D-4CD0-88FB-CE8BBE93D890}.Debug|x64.ActiveCfg = Debug|Any CPU
		{E548E204-A82D-4CD0-88FB-CE8BBE93D890}.Debug|x64.Build.0 = Debug|Any CPU
		{E548E204-A82D-4CD0-88FB-CE8BBE93D890}.Debug|x86.ActiveCfg = Debug|Any CPU
		{E548E204-A82D-4CD0-88FB-CE8BBE93D890}.Debug|x86.Build.0 = Debug|Any CPU
		{E548E204-A82D-4CD0-88FB-CE8BBE93D890}.Release|Any CPU.ActiveCfg = Release|Any CPU
		{E548E204-A82D-4CD0-88FB-CE8BBE93D890}.Release|Any CPU.Build.0 = Release|Any CPU
		{E548E204-A82D-4CD0-88FB-CE8BBE93D890}.Release|x64.ActiveCfg = Release|Any CPU
		{E548E204-A82D-4CD0-88FB-CE8BBE93D890}.Release|x64.Build.0 = Release|Any CPU
		{E548E204-A82D-4CD0-88FB-CE8BBE93D890}.Release|x86.ActiveCfg = Release|Any CPU
		{E548E204-A82D-4CD0-88FB-CE8BBE93D890}.Release|x86.Build.0 = Release|Any CPU
		{E548E204-A82D-4CD0-88FB-CE8BBE93D890}.Prerelease|Any CPU.ActiveCfg = Prerelease|Any CPU
		{E548E204-A82D-4CD0-88FB-CE8BBE93D890}.Prerelease|Any CPU.Build.0 = Prerelease|Any CPU
		{E548E204-A82D-4CD0-88FB-CE8BBE93D890}.Prerelease|x64.ActiveCfg = Prerelease|Any CPU
		{E548E204-A82D-4CD0-88FB-CE8BBE93D890}.Prerelease|x64.Build.0 = Prerelease|Any CPU
		{E548E204-A82D-4CD0-88FB-CE8BBE93D890}.Prerelease|x86.ActiveCfg = Prerelease|Any CPU
		{E548E204-A82D-4CD0-88FB-CE8BBE93D890}.Prerelease|x86.Build.0 = Prerelease|Any CPU
		{A02CD350-BEBF-4C61-8E0E-49DF67D22BF4}.Debug|Any CPU.ActiveCfg = Debug|Any CPU
		{A02CD350-BEBF-4C61-8E0E-49DF67D22BF4}.Debug|Any CPU.Build.0 = Debug|Any CPU
		{A02CD350-BEBF-4C61-8E0E-49DF67D22BF4}.Debug|x64.ActiveCfg = Debug|Any CPU
		{A02CD350-BEBF-4C61-8E0E-49DF67D22BF4}.Debug|x64.Build.0 = Debug|Any CPU
		{A02CD350-BEBF-4C61-8E0E-49DF67D22BF4}.Debug|x86.ActiveCfg = Debug|Any CPU
		{A02CD350-BEBF-4C61-8E0E-49DF67D22BF4}.Debug|x86.Build.0 = Debug|Any CPU
		{A02CD350-BEBF-4C61-8E0E-49DF67D22BF4}.Release|Any CPU.ActiveCfg = Release|Any CPU
		{A02CD350-BEBF-4C61-8E0E-49DF67D22BF4}.Release|Any CPU.Build.0 = Release|Any CPU
		{A02CD350-BEBF-4C61-8E0E-49DF67D22BF4}.Release|x64.ActiveCfg = Release|Any CPU
		{A02CD350-BEBF-4C61-8E0E-49DF67D22BF4}.Release|x64.Build.0 = Release|Any CPU
		{A02CD350-BEBF-4C61-8E0E-49DF67D22BF4}.Release|x86.ActiveCfg = Release|Any CPU
		{A02CD350-BEBF-4C61-8E0E-49DF67D22BF4}.Release|x86.Build.0 = Release|Any CPU
		{A02CD350-BEBF-4C61-8E0E-49DF67D22BF4}.Prerelease|Any CPU.ActiveCfg = Prerelease|Any CPU
		{A02CD350-BEBF-4C61-8E0E-49DF67D22BF4}.Prerelease|Any CPU.Build.0 = Prerelease|Any CPU
		{A02CD350-BEBF-4C61-8E0E-49DF67D22BF4}.Prerelease|x64.ActiveCfg = Prerelease|Any CPU
		{A02CD350-BEBF-4C61-8E0E-49DF67D22BF4}.Prerelease|x64.Build.0 = Prerelease|Any CPU
		{A02CD350-BEBF-4C61-8E0E-49DF67D22BF4}.Prerelease|x86.ActiveCfg = Prerelease|Any CPU
		{A02CD350-BEBF-4C61-8E0E-49DF67D22BF4}.Prerelease|x86.Build.0 = Prerelease|Any CPU
		{7686A97B-0F87-4323-BB2D-6C2A825C2723}.Debug|Any CPU.ActiveCfg = Debug|Any CPU
		{7686A97B-0F87-4323-BB2D-6C2A825C2723}.Debug|Any CPU.Build.0 = Debug|Any CPU
		{7686A97B-0F87-4323-BB2D-6C2A825C2723}.Debug|x64.ActiveCfg = Debug|Any CPU
		{7686A97B-0F87-4323-BB2D-6C2A825C2723}.Debug|x64.Build.0 = Debug|Any CPU
		{7686A97B-0F87-4323-BB2D-6C2A825C2723}.Debug|x86.ActiveCfg = Debug|Any CPU
		{7686A97B-0F87-4323-BB2D-6C2A825C2723}.Debug|x86.Build.0 = Debug|Any CPU
		{7686A97B-0F87-4323-BB2D-6C2A825C2723}.Release|Any CPU.ActiveCfg = Release|Any CPU
		{7686A97B-0F87-4323-BB2D-6C2A825C2723}.Release|Any CPU.Build.0 = Release|Any CPU
		{7686A97B-0F87-4323-BB2D-6C2A825C2723}.Release|x64.ActiveCfg = Release|Any CPU
		{7686A97B-0F87-4323-BB2D-6C2A825C2723}.Release|x64.Build.0 = Release|Any CPU
		{7686A97B-0F87-4323-BB2D-6C2A825C2723}.Release|x86.ActiveCfg = Release|Any CPU
		{7686A97B-0F87-4323-BB2D-6C2A825C2723}.Release|x86.Build.0 = Release|Any CPU
		{7686A97B-0F87-4323-BB2D-6C2A825C2723}.Prerelease|Any CPU.ActiveCfg = Prerelease|Any CPU
		{7686A97B-0F87-4323-BB2D-6C2A825C2723}.Prerelease|Any CPU.Build.0 = Prerelease|Any CPU
		{7686A97B-0F87-4323-BB2D-6C2A825C2723}.Prerelease|x64.ActiveCfg = Prerelease|Any CPU
		{7686A97B-0F87-4323-BB2D-6C2A825C2723}.Prerelease|x64.Build.0 = Prerelease|Any CPU
		{7686A97B-0F87-4323-BB2D-6C2A825C2723}.Prerelease|x86.ActiveCfg = Prerelease|Any CPU
		{7686A97B-0F87-4323-BB2D-6C2A825C2723}.Prerelease|x86.Build.0 = Prerelease|Any CPU
		{95E53C0E-22EA-44B0-B608-A83EBBE54C06}.Debug|Any CPU.ActiveCfg = Debug|Any CPU
		{95E53C0E-22EA-44B0-B608-A83EBBE54C06}.Debug|Any CPU.Build.0 = Debug|Any CPU
		{95E53C0E-22EA-44B0-B608-A83EBBE54C06}.Debug|x64.ActiveCfg = Debug|Any CPU
		{95E53C0E-22EA-44B0-B608-A83EBBE54C06}.Debug|x64.Build.0 = Debug|Any CPU
		{95E53C0E-22EA-44B0-B608-A83EBBE54C06}.Debug|x86.ActiveCfg = Debug|Any CPU
		{95E53C0E-22EA-44B0-B608-A83EBBE54C06}.Debug|x86.Build.0 = Debug|Any CPU
		{95E53C0E-22EA-44B0-B608-A83EBBE54C06}.Release|Any CPU.ActiveCfg = Release|Any CPU
		{95E53C0E-22EA-44B0-B608-A83EBBE54C06}.Release|Any CPU.Build.0 = Release|Any CPU
		{95E53C0E-22EA-44B0-B608-A83EBBE54C06}.Release|x64.ActiveCfg = Release|Any CPU
		{95E53C0E-22EA-44B0-B608-A83EBBE54C06}.Release|x64.Build.0 = Release|Any CPU
		{95E53C0E-22EA-44B0-B608-A83EBBE54C06}.Release|x86.ActiveCfg = Release|Any CPU
		{95E53C0E-22EA-44B0-B608-A83EBBE54C06}.Release|x86.Build.0 = Release|Any CPU
		{95E53C0E-22EA-44B0-B608-A83EBBE54C06}.Prerelease|Any CPU.ActiveCfg = Prerelease|Any CPU
		{95E53C0E-22EA-44B0-B608-A83EBBE54C06}.Prerelease|Any CPU.Build.0 = Prerelease|Any CPU
		{95E53C0E-22EA-44B0-B608-A83EBBE54C06}.Prerelease|x64.ActiveCfg = Prerelease|Any CPU
		{95E53C0E-22EA-44B0-B608-A83EBBE54C06}.Prerelease|x64.Build.0 = Prerelease|Any CPU
		{95E53C0E-22EA-44B0-B608-A83EBBE54C06}.Prerelease|x86.ActiveCfg = Prerelease|Any CPU
		{95E53C0E-22EA-44B0-B608-A83EBBE54C06}.Prerelease|x86.Build.0 = Prerelease|Any CPU
		{AB059056-6BF2-48EB-B9C3-6508E231AC41}.Debug|Any CPU.ActiveCfg = Debug|Any CPU
		{AB059056-6BF2-48EB-B9C3-6508E231AC41}.Debug|Any CPU.Build.0 = Debug|Any CPU
		{AB059056-6BF2-48EB-B9C3-6508E231AC41}.Debug|x64.ActiveCfg = Debug|Any CPU
		{AB059056-6BF2-48EB-B9C3-6508E231AC41}.Debug|x64.Build.0 = Debug|Any CPU
		{AB059056-6BF2-48EB-B9C3-6508E231AC41}.Debug|x86.ActiveCfg = Debug|Any CPU
		{AB059056-6BF2-48EB-B9C3-6508E231AC41}.Debug|x86.Build.0 = Debug|Any CPU
		{AB059056-6BF2-48EB-B9C3-6508E231AC41}.Release|Any CPU.ActiveCfg = Release|Any CPU
		{AB059056-6BF2-48EB-B9C3-6508E231AC41}.Release|Any CPU.Build.0 = Release|Any CPU
		{AB059056-6BF2-48EB-B9C3-6508E231AC41}.Release|x64.ActiveCfg = Release|Any CPU
		{AB059056-6BF2-48EB-B9C3-6508E231AC41}.Release|x64.Build.0 = Release|Any CPU
		{AB059056-6BF2-48EB-B9C3-6508E231AC41}.Release|x86.ActiveCfg = Release|Any CPU
		{AB059056-6BF2-48EB-B9C3-6508E231AC41}.Release|x86.Build.0 = Release|Any CPU
		{AB059056-6BF2-48EB-B9C3-6508E231AC41}.Prerelease|Any CPU.ActiveCfg = Prerelease|Any CPU
		{AB059056-6BF2-48EB-B9C3-6508E231AC41}.Prerelease|Any CPU.Build.0 = Prerelease|Any CPU
		{AB059056-6BF2-48EB-B9C3-6508E231AC41}.Prerelease|x64.ActiveCfg = Prerelease|Any CPU
		{AB059056-6BF2-48EB-B9C3-6508E231AC41}.Prerelease|x64.Build.0 = Prerelease|Any CPU
		{AB059056-6BF2-48EB-B9C3-6508E231AC41}.Prerelease|x86.ActiveCfg = Prerelease|Any CPU
		{AB059056-6BF2-48EB-B9C3-6508E231AC41}.Prerelease|x86.Build.0 = Prerelease|Any CPU
		{F99D3DC6-84A7-4BBE-BF15-4F1B29E921B3}.Debug|Any CPU.ActiveCfg = Debug|Any CPU
		{F99D3DC6-84A7-4BBE-BF15-4F1B29E921B3}.Debug|Any CPU.Build.0 = Debug|Any CPU
		{F99D3DC6-84A7-4BBE-BF15-4F1B29E921B3}.Debug|x64.ActiveCfg = Debug|Any CPU
		{F99D3DC6-84A7-4BBE-BF15-4F1B29E921B3}.Debug|x64.Build.0 = Debug|Any CPU
		{F99D3DC6-84A7-4BBE-BF15-4F1B29E921B3}.Debug|x86.ActiveCfg = Debug|Any CPU
		{F99D3DC6-84A7-4BBE-BF15-4F1B29E921B3}.Debug|x86.Build.0 = Debug|Any CPU
		{F99D3DC6-84A7-4BBE-BF15-4F1B29E921B3}.Release|Any CPU.ActiveCfg = Release|Any CPU
		{F99D3DC6-84A7-4BBE-BF15-4F1B29E921B3}.Release|Any CPU.Build.0 = Release|Any CPU
		{F99D3DC6-84A7-4BBE-BF15-4F1B29E921B3}.Release|x64.ActiveCfg = Release|Any CPU
		{F99D3DC6-84A7-4BBE-BF15-4F1B29E921B3}.Release|x64.Build.0 = Release|Any CPU
		{F99D3DC6-84A7-4BBE-BF15-4F1B29E921B3}.Release|x86.ActiveCfg = Release|Any CPU
		{F99D3DC6-84A7-4BBE-BF15-4F1B29E921B3}.Release|x86.Build.0 = Release|Any CPU
		{F99D3DC6-84A7-4BBE-BF15-4F1B29E921B3}.Prerelease|Any CPU.ActiveCfg = Prerelease|Any CPU
		{F99D3DC6-84A7-4BBE-BF15-4F1B29E921B3}.Prerelease|Any CPU.Build.0 = Prerelease|Any CPU
		{F99D3DC6-84A7-4BBE-BF15-4F1B29E921B3}.Prerelease|x64.ActiveCfg = Prerelease|Any CPU
		{F99D3DC6-84A7-4BBE-BF15-4F1B29E921B3}.Prerelease|x64.Build.0 = Prerelease|Any CPU
		{F99D3DC6-84A7-4BBE-BF15-4F1B29E921B3}.Prerelease|x86.ActiveCfg = Prerelease|Any CPU
		{F99D3DC6-84A7-4BBE-BF15-4F1B29E921B3}.Prerelease|x86.Build.0 = Prerelease|Any CPU
		{3579A90B-78A5-4B87-A4DD-CEBD7388FFD7}.Debug|Any CPU.ActiveCfg = Debug|Any CPU
		{3579A90B-78A5-4B87-A4DD-CEBD7388FFD7}.Debug|Any CPU.Build.0 = Debug|Any CPU
		{3579A90B-78A5-4B87-A4DD-CEBD7388FFD7}.Debug|x64.ActiveCfg = Debug|Any CPU
		{3579A90B-78A5-4B87-A4DD-CEBD7388FFD7}.Debug|x64.Build.0 = Debug|Any CPU
		{3579A90B-78A5-4B87-A4DD-CEBD7388FFD7}.Debug|x86.ActiveCfg = Debug|Any CPU
		{3579A90B-78A5-4B87-A4DD-CEBD7388FFD7}.Debug|x86.Build.0 = Debug|Any CPU
		{3579A90B-78A5-4B87-A4DD-CEBD7388FFD7}.Release|Any CPU.ActiveCfg = Release|Any CPU
		{3579A90B-78A5-4B87-A4DD-CEBD7388FFD7}.Release|Any CPU.Build.0 = Release|Any CPU
		{3579A90B-78A5-4B87-A4DD-CEBD7388FFD7}.Release|x64.ActiveCfg = Release|Any CPU
		{3579A90B-78A5-4B87-A4DD-CEBD7388FFD7}.Release|x64.Build.0 = Release|Any CPU
		{3579A90B-78A5-4B87-A4DD-CEBD7388FFD7}.Release|x86.ActiveCfg = Release|Any CPU
		{3579A90B-78A5-4B87-A4DD-CEBD7388FFD7}.Release|x86.Build.0 = Release|Any CPU
		{3579A90B-78A5-4B87-A4DD-CEBD7388FFD7}.Prerelease|Any CPU.ActiveCfg = Prerelease|Any CPU
		{3579A90B-78A5-4B87-A4DD-CEBD7388FFD7}.Prerelease|Any CPU.Build.0 = Prerelease|Any CPU
		{3579A90B-78A5-4B87-A4DD-CEBD7388FFD7}.Prerelease|x64.ActiveCfg = Prerelease|Any CPU
		{3579A90B-78A5-4B87-A4DD-CEBD7388FFD7}.Prerelease|x64.Build.0 = Prerelease|Any CPU
		{3579A90B-78A5-4B87-A4DD-CEBD7388FFD7}.Prerelease|x86.ActiveCfg = Prerelease|Any CPU
		{3579A90B-78A5-4B87-A4DD-CEBD7388FFD7}.Prerelease|x86.Build.0 = Prerelease|Any CPU
		{EBE42811-2E3D-4017-90D3-F295F34E2F63}.Debug|Any CPU.ActiveCfg = Debug|Any CPU
		{EBE42811-2E3D-4017-90D3-F295F34E2F63}.Debug|Any CPU.Build.0 = Debug|Any CPU
		{EBE42811-2E3D-4017-90D3-F295F34E2F63}.Debug|x64.ActiveCfg = Debug|Any CPU
		{EBE42811-2E3D-4017-90D3-F295F34E2F63}.Debug|x64.Build.0 = Debug|Any CPU
		{EBE42811-2E3D-4017-90D3-F295F34E2F63}.Debug|x86.ActiveCfg = Debug|Any CPU
		{EBE42811-2E3D-4017-90D3-F295F34E2F63}.Debug|x86.Build.0 = Debug|Any CPU
		{EBE42811-2E3D-4017-90D3-F295F34E2F63}.Release|Any CPU.ActiveCfg = Release|Any CPU
		{EBE42811-2E3D-4017-90D3-F295F34E2F63}.Release|Any CPU.Build.0 = Release|Any CPU
		{EBE42811-2E3D-4017-90D3-F295F34E2F63}.Release|x64.ActiveCfg = Release|Any CPU
		{EBE42811-2E3D-4017-90D3-F295F34E2F63}.Release|x64.Build.0 = Release|Any CPU
		{EBE42811-2E3D-4017-90D3-F295F34E2F63}.Release|x86.ActiveCfg = Release|Any CPU
		{EBE42811-2E3D-4017-90D3-F295F34E2F63}.Release|x86.Build.0 = Release|Any CPU
		{EBE42811-2E3D-4017-90D3-F295F34E2F63}.Prerelease|Any CPU.ActiveCfg = Prerelease|Any CPU
		{EBE42811-2E3D-4017-90D3-F295F34E2F63}.Prerelease|Any CPU.Build.0 = Prerelease|Any CPU
		{EBE42811-2E3D-4017-90D3-F295F34E2F63}.Prerelease|x64.ActiveCfg = Prerelease|Any CPU
		{EBE42811-2E3D-4017-90D3-F295F34E2F63}.Prerelease|x64.Build.0 = Prerelease|Any CPU
		{EBE42811-2E3D-4017-90D3-F295F34E2F63}.Prerelease|x86.ActiveCfg = Prerelease|Any CPU
		{EBE42811-2E3D-4017-90D3-F295F34E2F63}.Prerelease|x86.Build.0 = Prerelease|Any CPU
		{C3156888-E7FF-4039-8572-BEF2F34DE243}.Debug|Any CPU.ActiveCfg = Debug|Any CPU
		{C3156888-E7FF-4039-8572-BEF2F34DE243}.Debug|Any CPU.Build.0 = Debug|Any CPU
		{C3156888-E7FF-4039-8572-BEF2F34DE243}.Debug|x64.ActiveCfg = Debug|Any CPU
		{C3156888-E7FF-4039-8572-BEF2F34DE243}.Debug|x64.Build.0 = Debug|Any CPU
		{C3156888-E7FF-4039-8572-BEF2F34DE243}.Debug|x86.ActiveCfg = Debug|Any CPU
		{C3156888-E7FF-4039-8572-BEF2F34DE243}.Debug|x86.Build.0 = Debug|Any CPU
		{C3156888-E7FF-4039-8572-BEF2F34DE243}.Release|Any CPU.ActiveCfg = Release|Any CPU
		{C3156888-E7FF-4039-8572-BEF2F34DE243}.Release|Any CPU.Build.0 = Release|Any CPU
		{C3156888-E7FF-4039-8572-BEF2F34DE243}.Release|x64.ActiveCfg = Release|Any CPU
		{C3156888-E7FF-4039-8572-BEF2F34DE243}.Release|x64.Build.0 = Release|Any CPU
		{C3156888-E7FF-4039-8572-BEF2F34DE243}.Release|x86.ActiveCfg = Release|Any CPU
		{C3156888-E7FF-4039-8572-BEF2F34DE243}.Release|x86.Build.0 = Release|Any CPU
		{C3156888-E7FF-4039-8572-BEF2F34DE243}.Prerelease|Any CPU.ActiveCfg = Prerelease|Any CPU
		{C3156888-E7FF-4039-8572-BEF2F34DE243}.Prerelease|Any CPU.Build.0 = Prerelease|Any CPU
		{C3156888-E7FF-4039-8572-BEF2F34DE243}.Prerelease|x64.ActiveCfg = Prerelease|Any CPU
		{C3156888-E7FF-4039-8572-BEF2F34DE243}.Prerelease|x64.Build.0 = Prerelease|Any CPU
		{C3156888-E7FF-4039-8572-BEF2F34DE243}.Prerelease|x86.ActiveCfg = Prerelease|Any CPU
		{C3156888-E7FF-4039-8572-BEF2F34DE243}.Prerelease|x86.Build.0 = Prerelease|Any CPU
		{DE9F1D82-C6BD-4F28-A4A0-A3BAF232CD18}.Debug|Any CPU.ActiveCfg = Debug|Any CPU
		{DE9F1D82-C6BD-4F28-A4A0-A3BAF232CD18}.Debug|Any CPU.Build.0 = Debug|Any CPU
		{DE9F1D82-C6BD-4F28-A4A0-A3BAF232CD18}.Debug|x64.ActiveCfg = Debug|Any CPU
		{DE9F1D82-C6BD-4F28-A4A0-A3BAF232CD18}.Debug|x64.Build.0 = Debug|Any CPU
		{DE9F1D82-C6BD-4F28-A4A0-A3BAF232CD18}.Debug|x86.ActiveCfg = Debug|Any CPU
		{DE9F1D82-C6BD-4F28-A4A0-A3BAF232CD18}.Debug|x86.Build.0 = Debug|Any CPU
		{DE9F1D82-C6BD-4F28-A4A0-A3BAF232CD18}.Release|Any CPU.ActiveCfg = Release|Any CPU
		{DE9F1D82-C6BD-4F28-A4A0-A3BAF232CD18}.Release|Any CPU.Build.0 = Release|Any CPU
		{DE9F1D82-C6BD-4F28-A4A0-A3BAF232CD18}.Release|x64.ActiveCfg = Release|Any CPU
		{DE9F1D82-C6BD-4F28-A4A0-A3BAF232CD18}.Release|x64.Build.0 = Release|Any CPU
		{DE9F1D82-C6BD-4F28-A4A0-A3BAF232CD18}.Release|x86.ActiveCfg = Release|Any CPU
		{DE9F1D82-C6BD-4F28-A4A0-A3BAF232CD18}.Release|x86.Build.0 = Release|Any CPU
		{DE9F1D82-C6BD-4F28-A4A0-A3BAF232CD18}.Prerelease|Any CPU.ActiveCfg = Prerelease|Any CPU
		{DE9F1D82-C6BD-4F28-A4A0-A3BAF232CD18}.Prerelease|Any CPU.Build.0 = Prerelease|Any CPU
		{DE9F1D82-C6BD-4F28-A4A0-A3BAF232CD18}.Prerelease|x64.ActiveCfg = Prerelease|Any CPU
		{DE9F1D82-C6BD-4F28-A4A0-A3BAF232CD18}.Prerelease|x64.Build.0 = Prerelease|Any CPU
		{DE9F1D82-C6BD-4F28-A4A0-A3BAF232CD18}.Prerelease|x86.ActiveCfg = Prerelease|Any CPU
		{DE9F1D82-C6BD-4F28-A4A0-A3BAF232CD18}.Prerelease|x86.Build.0 = Prerelease|Any CPU
		{9F327A3D-2012-4318-8652-92BAD7AFAE11}.Debug|Any CPU.ActiveCfg = Debug|Any CPU
		{9F327A3D-2012-4318-8652-92BAD7AFAE11}.Debug|Any CPU.Build.0 = Debug|Any CPU
		{9F327A3D-2012-4318-8652-92BAD7AFAE11}.Debug|x64.ActiveCfg = Debug|Any CPU
		{9F327A3D-2012-4318-8652-92BAD7AFAE11}.Debug|x64.Build.0 = Debug|Any CPU
		{9F327A3D-2012-4318-8652-92BAD7AFAE11}.Debug|x86.ActiveCfg = Debug|Any CPU
		{9F327A3D-2012-4318-8652-92BAD7AFAE11}.Debug|x86.Build.0 = Debug|Any CPU
		{9F327A3D-2012-4318-8652-92BAD7AFAE11}.Release|Any CPU.ActiveCfg = Release|Any CPU
		{9F327A3D-2012-4318-8652-92BAD7AFAE11}.Release|Any CPU.Build.0 = Release|Any CPU
		{9F327A3D-2012-4318-8652-92BAD7AFAE11}.Release|x64.ActiveCfg = Release|Any CPU
		{9F327A3D-2012-4318-8652-92BAD7AFAE11}.Release|x64.Build.0 = Release|Any CPU
		{9F327A3D-2012-4318-8652-92BAD7AFAE11}.Release|x86.ActiveCfg = Release|Any CPU
		{9F327A3D-2012-4318-8652-92BAD7AFAE11}.Release|x86.Build.0 = Release|Any CPU
		{9F327A3D-2012-4318-8652-92BAD7AFAE11}.Prerelease|Any CPU.ActiveCfg = Prerelease|Any CPU
		{9F327A3D-2012-4318-8652-92BAD7AFAE11}.Prerelease|Any CPU.Build.0 = Prerelease|Any CPU
		{9F327A3D-2012-4318-8652-92BAD7AFAE11}.Prerelease|x64.ActiveCfg = Prerelease|Any CPU
		{9F327A3D-2012-4318-8652-92BAD7AFAE11}.Prerelease|x64.Build.0 = Prerelease|Any CPU
		{9F327A3D-2012-4318-8652-92BAD7AFAE11}.Prerelease|x86.ActiveCfg = Prerelease|Any CPU
		{9F327A3D-2012-4318-8652-92BAD7AFAE11}.Prerelease|x86.Build.0 = Prerelease|Any CPU
		{F379015B-A0CD-41AE-8ACD-F8ADDB2B5C1E}.Debug|Any CPU.ActiveCfg = Debug|Any CPU
		{F379015B-A0CD-41AE-8ACD-F8ADDB2B5C1E}.Debug|Any CPU.Build.0 = Debug|Any CPU
		{F379015B-A0CD-41AE-8ACD-F8ADDB2B5C1E}.Debug|x64.ActiveCfg = Debug|Any CPU
		{F379015B-A0CD-41AE-8ACD-F8ADDB2B5C1E}.Debug|x64.Build.0 = Debug|Any CPU
		{F379015B-A0CD-41AE-8ACD-F8ADDB2B5C1E}.Debug|x86.ActiveCfg = Debug|Any CPU
		{F379015B-A0CD-41AE-8ACD-F8ADDB2B5C1E}.Debug|x86.Build.0 = Debug|Any CPU
		{F379015B-A0CD-41AE-8ACD-F8ADDB2B5C1E}.Release|Any CPU.ActiveCfg = Release|Any CPU
		{F379015B-A0CD-41AE-8ACD-F8ADDB2B5C1E}.Release|Any CPU.Build.0 = Release|Any CPU
		{F379015B-A0CD-41AE-8ACD-F8ADDB2B5C1E}.Release|x64.ActiveCfg = Release|Any CPU
		{F379015B-A0CD-41AE-8ACD-F8ADDB2B5C1E}.Release|x64.Build.0 = Release|Any CPU
		{F379015B-A0CD-41AE-8ACD-F8ADDB2B5C1E}.Release|x86.ActiveCfg = Release|Any CPU
		{F379015B-A0CD-41AE-8ACD-F8ADDB2B5C1E}.Release|x86.Build.0 = Release|Any CPU
		{F379015B-A0CD-41AE-8ACD-F8ADDB2B5C1E}.Prerelease|Any CPU.ActiveCfg = Prerelease|Any CPU
		{F379015B-A0CD-41AE-8ACD-F8ADDB2B5C1E}.Prerelease|Any CPU.Build.0 = Prerelease|Any CPU
		{F379015B-A0CD-41AE-8ACD-F8ADDB2B5C1E}.Prerelease|x64.ActiveCfg = Prerelease|Any CPU
		{F379015B-A0CD-41AE-8ACD-F8ADDB2B5C1E}.Prerelease|x64.Build.0 = Prerelease|Any CPU
		{F379015B-A0CD-41AE-8ACD-F8ADDB2B5C1E}.Prerelease|x86.ActiveCfg = Prerelease|Any CPU
		{F379015B-A0CD-41AE-8ACD-F8ADDB2B5C1E}.Prerelease|x86.Build.0 = Prerelease|Any CPU
		{BF8B53AC-29FD-42A8-9E96-34B044BC0706}.Debug|Any CPU.ActiveCfg = Debug|Any CPU
		{BF8B53AC-29FD-42A8-9E96-34B044BC0706}.Debug|Any CPU.Build.0 = Debug|Any CPU
		{BF8B53AC-29FD-42A8-9E96-34B044BC0706}.Debug|x64.ActiveCfg = Debug|Any CPU
		{BF8B53AC-29FD-42A8-9E96-34B044BC0706}.Debug|x64.Build.0 = Debug|Any CPU
		{BF8B53AC-29FD-42A8-9E96-34B044BC0706}.Debug|x86.ActiveCfg = Debug|Any CPU
		{BF8B53AC-29FD-42A8-9E96-34B044BC0706}.Debug|x86.Build.0 = Debug|Any CPU
		{BF8B53AC-29FD-42A8-9E96-34B044BC0706}.Release|Any CPU.ActiveCfg = Release|Any CPU
		{BF8B53AC-29FD-42A8-9E96-34B044BC0706}.Release|Any CPU.Build.0 = Release|Any CPU
		{BF8B53AC-29FD-42A8-9E96-34B044BC0706}.Release|x64.ActiveCfg = Release|Any CPU
		{BF8B53AC-29FD-42A8-9E96-34B044BC0706}.Release|x64.Build.0 = Release|Any CPU
		{BF8B53AC-29FD-42A8-9E96-34B044BC0706}.Release|x86.ActiveCfg = Release|Any CPU
		{BF8B53AC-29FD-42A8-9E96-34B044BC0706}.Release|x86.Build.0 = Release|Any CPU
		{BF8B53AC-29FD-42A8-9E96-34B044BC0706}.Prerelease|Any CPU.ActiveCfg = Prerelease|Any CPU
		{BF8B53AC-29FD-42A8-9E96-34B044BC0706}.Prerelease|Any CPU.Build.0 = Prerelease|Any CPU
		{BF8B53AC-29FD-42A8-9E96-34B044BC0706}.Prerelease|x64.ActiveCfg = Prerelease|Any CPU
		{BF8B53AC-29FD-42A8-9E96-34B044BC0706}.Prerelease|x64.Build.0 = Prerelease|Any CPU
		{BF8B53AC-29FD-42A8-9E96-34B044BC0706}.Prerelease|x86.ActiveCfg = Prerelease|Any CPU
		{BF8B53AC-29FD-42A8-9E96-34B044BC0706}.Prerelease|x86.Build.0 = Prerelease|Any CPU
		{4476AF5B-E965-4C60-A36E-20373DA5ADE0}.Debug|Any CPU.ActiveCfg = Debug|Any CPU
		{4476AF5B-E965-4C60-A36E-20373DA5ADE0}.Debug|Any CPU.Build.0 = Debug|Any CPU
		{4476AF5B-E965-4C60-A36E-20373DA5ADE0}.Debug|x64.ActiveCfg = Debug|Any CPU
		{4476AF5B-E965-4C60-A36E-20373DA5ADE0}.Debug|x64.Build.0 = Debug|Any CPU
		{4476AF5B-E965-4C60-A36E-20373DA5ADE0}.Debug|x86.ActiveCfg = Debug|Any CPU
		{4476AF5B-E965-4C60-A36E-20373DA5ADE0}.Debug|x86.Build.0 = Debug|Any CPU
		{4476AF5B-E965-4C60-A36E-20373DA5ADE0}.Release|Any CPU.ActiveCfg = Release|Any CPU
		{4476AF5B-E965-4C60-A36E-20373DA5ADE0}.Release|Any CPU.Build.0 = Release|Any CPU
		{4476AF5B-E965-4C60-A36E-20373DA5ADE0}.Release|x64.ActiveCfg = Release|Any CPU
		{4476AF5B-E965-4C60-A36E-20373DA5ADE0}.Release|x64.Build.0 = Release|Any CPU
		{4476AF5B-E965-4C60-A36E-20373DA5ADE0}.Release|x86.ActiveCfg = Release|Any CPU
		{4476AF5B-E965-4C60-A36E-20373DA5ADE0}.Release|x86.Build.0 = Release|Any CPU
		{4476AF5B-E965-4C60-A36E-20373DA5ADE0}.Prerelease|Any CPU.ActiveCfg = Prerelease|Any CPU
		{4476AF5B-E965-4C60-A36E-20373DA5ADE0}.Prerelease|Any CPU.Build.0 = Prerelease|Any CPU
		{4476AF5B-E965-4C60-A36E-20373DA5ADE0}.Prerelease|x64.ActiveCfg = Prerelease|Any CPU
		{4476AF5B-E965-4C60-A36E-20373DA5ADE0}.Prerelease|x64.Build.0 = Prerelease|Any CPU
		{4476AF5B-E965-4C60-A36E-20373DA5ADE0}.Prerelease|x86.ActiveCfg = Prerelease|Any CPU
		{4476AF5B-E965-4C60-A36E-20373DA5ADE0}.Prerelease|x86.Build.0 = Prerelease|Any CPU
		{A8BF9F0C-6B7F-4422-94A3-6B978F17EE8E}.Debug|Any CPU.ActiveCfg = Debug|Any CPU
		{A8BF9F0C-6B7F-4422-94A3-6B978F17EE8E}.Debug|Any CPU.Build.0 = Debug|Any CPU
		{A8BF9F0C-6B7F-4422-94A3-6B978F17EE8E}.Debug|x64.ActiveCfg = Debug|Any CPU
		{A8BF9F0C-6B7F-4422-94A3-6B978F17EE8E}.Debug|x64.Build.0 = Debug|Any CPU
		{A8BF9F0C-6B7F-4422-94A3-6B978F17EE8E}.Debug|x86.ActiveCfg = Debug|Any CPU
		{A8BF9F0C-6B7F-4422-94A3-6B978F17EE8E}.Debug|x86.Build.0 = Debug|Any CPU
		{A8BF9F0C-6B7F-4422-94A3-6B978F17EE8E}.Release|Any CPU.ActiveCfg = Release|Any CPU
		{A8BF9F0C-6B7F-4422-94A3-6B978F17EE8E}.Release|Any CPU.Build.0 = Release|Any CPU
		{A8BF9F0C-6B7F-4422-94A3-6B978F17EE8E}.Release|x64.ActiveCfg = Release|Any CPU
		{A8BF9F0C-6B7F-4422-94A3-6B978F17EE8E}.Release|x64.Build.0 = Release|Any CPU
		{A8BF9F0C-6B7F-4422-94A3-6B978F17EE8E}.Release|x86.ActiveCfg = Release|Any CPU
		{A8BF9F0C-6B7F-4422-94A3-6B978F17EE8E}.Release|x86.Build.0 = Release|Any CPU
		{A8BF9F0C-6B7F-4422-94A3-6B978F17EE8E}.Prerelease|Any CPU.ActiveCfg = Prerelease|Any CPU
		{A8BF9F0C-6B7F-4422-94A3-6B978F17EE8E}.Prerelease|Any CPU.Build.0 = Prerelease|Any CPU
		{A8BF9F0C-6B7F-4422-94A3-6B978F17EE8E}.Prerelease|x64.ActiveCfg = Prerelease|Any CPU
		{A8BF9F0C-6B7F-4422-94A3-6B978F17EE8E}.Prerelease|x64.Build.0 = Prerelease|Any CPU
		{A8BF9F0C-6B7F-4422-94A3-6B978F17EE8E}.Prerelease|x86.ActiveCfg = Prerelease|Any CPU
		{A8BF9F0C-6B7F-4422-94A3-6B978F17EE8E}.Prerelease|x86.Build.0 = Prerelease|Any CPU
		{6C67411B-B03A-4D97-A285-CCA868992C77}.Debug|Any CPU.ActiveCfg = Debug|Any CPU
		{6C67411B-B03A-4D97-A285-CCA868992C77}.Debug|Any CPU.Build.0 = Debug|Any CPU
		{6C67411B-B03A-4D97-A285-CCA868992C77}.Debug|x64.ActiveCfg = Debug|Any CPU
		{6C67411B-B03A-4D97-A285-CCA868992C77}.Debug|x64.Build.0 = Debug|Any CPU
		{6C67411B-B03A-4D97-A285-CCA868992C77}.Debug|x86.ActiveCfg = Debug|Any CPU
		{6C67411B-B03A-4D97-A285-CCA868992C77}.Debug|x86.Build.0 = Debug|Any CPU
		{6C67411B-B03A-4D97-A285-CCA868992C77}.Release|Any CPU.ActiveCfg = Release|Any CPU
		{6C67411B-B03A-4D97-A285-CCA868992C77}.Release|Any CPU.Build.0 = Release|Any CPU
		{6C67411B-B03A-4D97-A285-CCA868992C77}.Release|x64.ActiveCfg = Release|Any CPU
		{6C67411B-B03A-4D97-A285-CCA868992C77}.Release|x64.Build.0 = Release|Any CPU
		{6C67411B-B03A-4D97-A285-CCA868992C77}.Release|x86.ActiveCfg = Release|Any CPU
		{6C67411B-B03A-4D97-A285-CCA868992C77}.Release|x86.Build.0 = Release|Any CPU
		{6C67411B-B03A-4D97-A285-CCA868992C77}.Prerelease|Any CPU.ActiveCfg = Prerelease|Any CPU
		{6C67411B-B03A-4D97-A285-CCA868992C77}.Prerelease|Any CPU.Build.0 = Prerelease|Any CPU
		{6C67411B-B03A-4D97-A285-CCA868992C77}.Prerelease|x64.ActiveCfg = Prerelease|Any CPU
		{6C67411B-B03A-4D97-A285-CCA868992C77}.Prerelease|x64.Build.0 = Prerelease|Any CPU
		{6C67411B-B03A-4D97-A285-CCA868992C77}.Prerelease|x86.ActiveCfg = Prerelease|Any CPU
		{6C67411B-B03A-4D97-A285-CCA868992C77}.Prerelease|x86.Build.0 = Prerelease|Any CPU
		{232A48F0-11DA-4E7C-8A50-99DFD148EB56}.Debug|Any CPU.ActiveCfg = Debug|Any CPU
		{232A48F0-11DA-4E7C-8A50-99DFD148EB56}.Debug|Any CPU.Build.0 = Debug|Any CPU
		{232A48F0-11DA-4E7C-8A50-99DFD148EB56}.Debug|x64.ActiveCfg = Debug|Any CPU
		{232A48F0-11DA-4E7C-8A50-99DFD148EB56}.Debug|x64.Build.0 = Debug|Any CPU
		{232A48F0-11DA-4E7C-8A50-99DFD148EB56}.Debug|x86.ActiveCfg = Debug|Any CPU
		{232A48F0-11DA-4E7C-8A50-99DFD148EB56}.Debug|x86.Build.0 = Debug|Any CPU
		{232A48F0-11DA-4E7C-8A50-99DFD148EB56}.Release|Any CPU.ActiveCfg = Release|Any CPU
		{232A48F0-11DA-4E7C-8A50-99DFD148EB56}.Release|Any CPU.Build.0 = Release|Any CPU
		{232A48F0-11DA-4E7C-8A50-99DFD148EB56}.Release|x64.ActiveCfg = Release|Any CPU
		{232A48F0-11DA-4E7C-8A50-99DFD148EB56}.Release|x64.Build.0 = Release|Any CPU
		{232A48F0-11DA-4E7C-8A50-99DFD148EB56}.Release|x86.ActiveCfg = Release|Any CPU
		{232A48F0-11DA-4E7C-8A50-99DFD148EB56}.Release|x86.Build.0 = Release|Any CPU
		{232A48F0-11DA-4E7C-8A50-99DFD148EB56}.Prerelease|Any CPU.ActiveCfg = Prerelease|Any CPU
		{232A48F0-11DA-4E7C-8A50-99DFD148EB56}.Prerelease|Any CPU.Build.0 = Prerelease|Any CPU
		{232A48F0-11DA-4E7C-8A50-99DFD148EB56}.Prerelease|x64.ActiveCfg = Prerelease|Any CPU
		{232A48F0-11DA-4E7C-8A50-99DFD148EB56}.Prerelease|x64.Build.0 = Prerelease|Any CPU
		{232A48F0-11DA-4E7C-8A50-99DFD148EB56}.Prerelease|x86.ActiveCfg = Prerelease|Any CPU
		{232A48F0-11DA-4E7C-8A50-99DFD148EB56}.Prerelease|x86.Build.0 = Prerelease|Any CPU
		{DA03D2AE-FEFD-452D-A3DA-CF9B35F0391B}.Debug|Any CPU.ActiveCfg = Debug|Any CPU
		{DA03D2AE-FEFD-452D-A3DA-CF9B35F0391B}.Debug|Any CPU.Build.0 = Debug|Any CPU
		{DA03D2AE-FEFD-452D-A3DA-CF9B35F0391B}.Debug|x64.ActiveCfg = Debug|Any CPU
		{DA03D2AE-FEFD-452D-A3DA-CF9B35F0391B}.Debug|x64.Build.0 = Debug|Any CPU
		{DA03D2AE-FEFD-452D-A3DA-CF9B35F0391B}.Debug|x86.ActiveCfg = Debug|Any CPU
		{DA03D2AE-FEFD-452D-A3DA-CF9B35F0391B}.Debug|x86.Build.0 = Debug|Any CPU
		{DA03D2AE-FEFD-452D-A3DA-CF9B35F0391B}.Release|Any CPU.ActiveCfg = Release|Any CPU
		{DA03D2AE-FEFD-452D-A3DA-CF9B35F0391B}.Release|Any CPU.Build.0 = Release|Any CPU
		{DA03D2AE-FEFD-452D-A3DA-CF9B35F0391B}.Release|x64.ActiveCfg = Release|Any CPU
		{DA03D2AE-FEFD-452D-A3DA-CF9B35F0391B}.Release|x64.Build.0 = Release|Any CPU
		{DA03D2AE-FEFD-452D-A3DA-CF9B35F0391B}.Release|x86.ActiveCfg = Release|Any CPU
		{DA03D2AE-FEFD-452D-A3DA-CF9B35F0391B}.Release|x86.Build.0 = Release|Any CPU
		{DA03D2AE-FEFD-452D-A3DA-CF9B35F0391B}.Prerelease|Any CPU.ActiveCfg = Prerelease|Any CPU
		{DA03D2AE-FEFD-452D-A3DA-CF9B35F0391B}.Prerelease|Any CPU.Build.0 = Prerelease|Any CPU
		{DA03D2AE-FEFD-452D-A3DA-CF9B35F0391B}.Prerelease|x64.ActiveCfg = Prerelease|Any CPU
		{DA03D2AE-FEFD-452D-A3DA-CF9B35F0391B}.Prerelease|x64.Build.0 = Prerelease|Any CPU
		{DA03D2AE-FEFD-452D-A3DA-CF9B35F0391B}.Prerelease|x86.ActiveCfg = Prerelease|Any CPU
		{DA03D2AE-FEFD-452D-A3DA-CF9B35F0391B}.Prerelease|x86.Build.0 = Prerelease|Any CPU
		{1160CF5A-4C12-446B-9F43-B79695861685}.Debug|Any CPU.ActiveCfg = Debug|Any CPU
		{1160CF5A-4C12-446B-9F43-B79695861685}.Debug|Any CPU.Build.0 = Debug|Any CPU
		{1160CF5A-4C12-446B-9F43-B79695861685}.Debug|x64.ActiveCfg = Debug|Any CPU
		{1160CF5A-4C12-446B-9F43-B79695861685}.Debug|x64.Build.0 = Debug|Any CPU
		{1160CF5A-4C12-446B-9F43-B79695861685}.Debug|x86.ActiveCfg = Debug|Any CPU
		{1160CF5A-4C12-446B-9F43-B79695861685}.Debug|x86.Build.0 = Debug|Any CPU
		{1160CF5A-4C12-446B-9F43-B79695861685}.Release|Any CPU.ActiveCfg = Release|Any CPU
		{1160CF5A-4C12-446B-9F43-B79695861685}.Release|Any CPU.Build.0 = Release|Any CPU
		{1160CF5A-4C12-446B-9F43-B79695861685}.Release|x64.ActiveCfg = Release|Any CPU
		{1160CF5A-4C12-446B-9F43-B79695861685}.Release|x64.Build.0 = Release|Any CPU
		{1160CF5A-4C12-446B-9F43-B79695861685}.Release|x86.ActiveCfg = Release|Any CPU
		{1160CF5A-4C12-446B-9F43-B79695861685}.Release|x86.Build.0 = Release|Any CPU
		{1160CF5A-4C12-446B-9F43-B79695861685}.Prerelease|Any CPU.ActiveCfg = Prerelease|Any CPU
		{1160CF5A-4C12-446B-9F43-B79695861685}.Prerelease|Any CPU.Build.0 = Prerelease|Any CPU
		{1160CF5A-4C12-446B-9F43-B79695861685}.Prerelease|x64.ActiveCfg = Prerelease|Any CPU
		{1160CF5A-4C12-446B-9F43-B79695861685}.Prerelease|x64.Build.0 = Prerelease|Any CPU
		{1160CF5A-4C12-446B-9F43-B79695861685}.Prerelease|x86.ActiveCfg = Prerelease|Any CPU
		{1160CF5A-4C12-446B-9F43-B79695861685}.Prerelease|x86.Build.0 = Prerelease|Any CPU
		{752B3BEB-FDBE-46B2-AB3C-026A496556CB}.Debug|Any CPU.ActiveCfg = Debug|Any CPU
		{752B3BEB-FDBE-46B2-AB3C-026A496556CB}.Debug|Any CPU.Build.0 = Debug|Any CPU
		{752B3BEB-FDBE-46B2-AB3C-026A496556CB}.Debug|x64.ActiveCfg = Debug|Any CPU
		{752B3BEB-FDBE-46B2-AB3C-026A496556CB}.Debug|x64.Build.0 = Debug|Any CPU
		{752B3BEB-FDBE-46B2-AB3C-026A496556CB}.Debug|x86.ActiveCfg = Debug|Any CPU
		{752B3BEB-FDBE-46B2-AB3C-026A496556CB}.Debug|x86.Build.0 = Debug|Any CPU
		{752B3BEB-FDBE-46B2-AB3C-026A496556CB}.Release|Any CPU.ActiveCfg = Release|Any CPU
		{752B3BEB-FDBE-46B2-AB3C-026A496556CB}.Release|Any CPU.Build.0 = Release|Any CPU
		{752B3BEB-FDBE-46B2-AB3C-026A496556CB}.Release|x64.ActiveCfg = Release|Any CPU
		{752B3BEB-FDBE-46B2-AB3C-026A496556CB}.Release|x64.Build.0 = Release|Any CPU
		{752B3BEB-FDBE-46B2-AB3C-026A496556CB}.Release|x86.ActiveCfg = Release|Any CPU
		{752B3BEB-FDBE-46B2-AB3C-026A496556CB}.Release|x86.Build.0 = Release|Any CPU
		{752B3BEB-FDBE-46B2-AB3C-026A496556CB}.Prerelease|Any CPU.ActiveCfg = Prerelease|Any CPU
		{752B3BEB-FDBE-46B2-AB3C-026A496556CB}.Prerelease|Any CPU.Build.0 = Prerelease|Any CPU
		{752B3BEB-FDBE-46B2-AB3C-026A496556CB}.Prerelease|x64.ActiveCfg = Prerelease|Any CPU
		{752B3BEB-FDBE-46B2-AB3C-026A496556CB}.Prerelease|x64.Build.0 = Prerelease|Any CPU
		{752B3BEB-FDBE-46B2-AB3C-026A496556CB}.Prerelease|x86.ActiveCfg = Prerelease|Any CPU
		{752B3BEB-FDBE-46B2-AB3C-026A496556CB}.Prerelease|x86.Build.0 = Prerelease|Any CPU
		{92488A75-C349-4553-9C26-C0E7158592A5}.Debug|Any CPU.ActiveCfg = Debug|Any CPU
		{92488A75-C349-4553-9C26-C0E7158592A5}.Debug|Any CPU.Build.0 = Debug|Any CPU
		{92488A75-C349-4553-9C26-C0E7158592A5}.Debug|x64.ActiveCfg = Debug|Any CPU
		{92488A75-C349-4553-9C26-C0E7158592A5}.Debug|x64.Build.0 = Debug|Any CPU
		{92488A75-C349-4553-9C26-C0E7158592A5}.Debug|x86.ActiveCfg = Debug|Any CPU
		{92488A75-C349-4553-9C26-C0E7158592A5}.Debug|x86.Build.0 = Debug|Any CPU
		{92488A75-C349-4553-9C26-C0E7158592A5}.Release|Any CPU.ActiveCfg = Release|Any CPU
		{92488A75-C349-4553-9C26-C0E7158592A5}.Release|Any CPU.Build.0 = Release|Any CPU
		{92488A75-C349-4553-9C26-C0E7158592A5}.Release|x64.ActiveCfg = Release|Any CPU
		{92488A75-C349-4553-9C26-C0E7158592A5}.Release|x64.Build.0 = Release|Any CPU
		{92488A75-C349-4553-9C26-C0E7158592A5}.Release|x86.ActiveCfg = Release|Any CPU
		{92488A75-C349-4553-9C26-C0E7158592A5}.Release|x86.Build.0 = Release|Any CPU
		{92488A75-C349-4553-9C26-C0E7158592A5}.Prerelease|Any CPU.ActiveCfg = Prerelease|Any CPU
		{92488A75-C349-4553-9C26-C0E7158592A5}.Prerelease|Any CPU.Build.0 = Prerelease|Any CPU
		{92488A75-C349-4553-9C26-C0E7158592A5}.Prerelease|x64.ActiveCfg = Prerelease|Any CPU
		{92488A75-C349-4553-9C26-C0E7158592A5}.Prerelease|x64.Build.0 = Prerelease|Any CPU
		{92488A75-C349-4553-9C26-C0E7158592A5}.Prerelease|x86.ActiveCfg = Prerelease|Any CPU
		{92488A75-C349-4553-9C26-C0E7158592A5}.Prerelease|x86.Build.0 = Prerelease|Any CPU
		{426F1E88-26D4-4238-9B0B-CB966B27CF16}.Debug|Any CPU.ActiveCfg = Debug|Any CPU
		{426F1E88-26D4-4238-9B0B-CB966B27CF16}.Debug|Any CPU.Build.0 = Debug|Any CPU
		{426F1E88-26D4-4238-9B0B-CB966B27CF16}.Debug|x64.ActiveCfg = Debug|Any CPU
		{426F1E88-26D4-4238-9B0B-CB966B27CF16}.Debug|x64.Build.0 = Debug|Any CPU
		{426F1E88-26D4-4238-9B0B-CB966B27CF16}.Debug|x86.ActiveCfg = Debug|Any CPU
		{426F1E88-26D4-4238-9B0B-CB966B27CF16}.Debug|x86.Build.0 = Debug|Any CPU
		{426F1E88-26D4-4238-9B0B-CB966B27CF16}.Release|Any CPU.ActiveCfg = Release|Any CPU
		{426F1E88-26D4-4238-9B0B-CB966B27CF16}.Release|Any CPU.Build.0 = Release|Any CPU
		{426F1E88-26D4-4238-9B0B-CB966B27CF16}.Release|x64.ActiveCfg = Release|Any CPU
		{426F1E88-26D4-4238-9B0B-CB966B27CF16}.Release|x64.Build.0 = Release|Any CPU
		{426F1E88-26D4-4238-9B0B-CB966B27CF16}.Release|x86.ActiveCfg = Release|Any CPU
		{426F1E88-26D4-4238-9B0B-CB966B27CF16}.Release|x86.Build.0 = Release|Any CPU
		{426F1E88-26D4-4238-9B0B-CB966B27CF16}.Prerelease|Any CPU.ActiveCfg = Prerelease|Any CPU
		{426F1E88-26D4-4238-9B0B-CB966B27CF16}.Prerelease|Any CPU.Build.0 = Prerelease|Any CPU
		{426F1E88-26D4-4238-9B0B-CB966B27CF16}.Prerelease|x64.ActiveCfg = Prerelease|Any CPU
		{426F1E88-26D4-4238-9B0B-CB966B27CF16}.Prerelease|x64.Build.0 = Prerelease|Any CPU
		{426F1E88-26D4-4238-9B0B-CB966B27CF16}.Prerelease|x86.ActiveCfg = Prerelease|Any CPU
		{426F1E88-26D4-4238-9B0B-CB966B27CF16}.Prerelease|x86.Build.0 = Prerelease|Any CPU
		{C0B777F7-F589-4B15-AC2C-787AA7130902}.Debug|Any CPU.ActiveCfg = Debug|Any CPU
		{C0B777F7-F589-4B15-AC2C-787AA7130902}.Debug|Any CPU.Build.0 = Debug|Any CPU
		{C0B777F7-F589-4B15-AC2C-787AA7130902}.Debug|x64.ActiveCfg = Debug|Any CPU
		{C0B777F7-F589-4B15-AC2C-787AA7130902}.Debug|x64.Build.0 = Debug|Any CPU
		{C0B777F7-F589-4B15-AC2C-787AA7130902}.Debug|x86.ActiveCfg = Debug|Any CPU
		{C0B777F7-F589-4B15-AC2C-787AA7130902}.Debug|x86.Build.0 = Debug|Any CPU
		{C0B777F7-F589-4B15-AC2C-787AA7130902}.Release|Any CPU.ActiveCfg = Release|Any CPU
		{C0B777F7-F589-4B15-AC2C-787AA7130902}.Release|Any CPU.Build.0 = Release|Any CPU
		{C0B777F7-F589-4B15-AC2C-787AA7130902}.Release|x64.ActiveCfg = Release|Any CPU
		{C0B777F7-F589-4B15-AC2C-787AA7130902}.Release|x64.Build.0 = Release|Any CPU
		{C0B777F7-F589-4B15-AC2C-787AA7130902}.Release|x86.ActiveCfg = Release|Any CPU
		{C0B777F7-F589-4B15-AC2C-787AA7130902}.Release|x86.Build.0 = Release|Any CPU
		{C0B777F7-F589-4B15-AC2C-787AA7130902}.Prerelease|Any CPU.ActiveCfg = Prerelease|Any CPU
		{C0B777F7-F589-4B15-AC2C-787AA7130902}.Prerelease|Any CPU.Build.0 = Prerelease|Any CPU
		{C0B777F7-F589-4B15-AC2C-787AA7130902}.Prerelease|x64.ActiveCfg = Prerelease|Any CPU
		{C0B777F7-F589-4B15-AC2C-787AA7130902}.Prerelease|x64.Build.0 = Prerelease|Any CPU
		{C0B777F7-F589-4B15-AC2C-787AA7130902}.Prerelease|x86.ActiveCfg = Prerelease|Any CPU
		{C0B777F7-F589-4B15-AC2C-787AA7130902}.Prerelease|x86.Build.0 = Prerelease|Any CPU
		{33AFE76A-7C14-4C20-9732-DE6D3A12BCF6}.Debug|Any CPU.ActiveCfg = Debug|Any CPU
		{33AFE76A-7C14-4C20-9732-DE6D3A12BCF6}.Debug|Any CPU.Build.0 = Debug|Any CPU
		{33AFE76A-7C14-4C20-9732-DE6D3A12BCF6}.Debug|x64.ActiveCfg = Debug|Any CPU
		{33AFE76A-7C14-4C20-9732-DE6D3A12BCF6}.Debug|x64.Build.0 = Debug|Any CPU
		{33AFE76A-7C14-4C20-9732-DE6D3A12BCF6}.Debug|x86.ActiveCfg = Debug|Any CPU
		{33AFE76A-7C14-4C20-9732-DE6D3A12BCF6}.Debug|x86.Build.0 = Debug|Any CPU
		{33AFE76A-7C14-4C20-9732-DE6D3A12BCF6}.Release|Any CPU.ActiveCfg = Release|Any CPU
		{33AFE76A-7C14-4C20-9732-DE6D3A12BCF6}.Release|Any CPU.Build.0 = Release|Any CPU
		{33AFE76A-7C14-4C20-9732-DE6D3A12BCF6}.Release|x64.ActiveCfg = Release|Any CPU
		{33AFE76A-7C14-4C20-9732-DE6D3A12BCF6}.Release|x64.Build.0 = Release|Any CPU
		{33AFE76A-7C14-4C20-9732-DE6D3A12BCF6}.Release|x86.ActiveCfg = Release|Any CPU
		{33AFE76A-7C14-4C20-9732-DE6D3A12BCF6}.Release|x86.Build.0 = Release|Any CPU
		{33AFE76A-7C14-4C20-9732-DE6D3A12BCF6}.Prerelease|Any CPU.ActiveCfg = Prerelease|Any CPU
		{33AFE76A-7C14-4C20-9732-DE6D3A12BCF6}.Prerelease|Any CPU.Build.0 = Prerelease|Any CPU
		{33AFE76A-7C14-4C20-9732-DE6D3A12BCF6}.Prerelease|x64.ActiveCfg = Prerelease|Any CPU
		{33AFE76A-7C14-4C20-9732-DE6D3A12BCF6}.Prerelease|x64.Build.0 = Prerelease|Any CPU
		{33AFE76A-7C14-4C20-9732-DE6D3A12BCF6}.Prerelease|x86.ActiveCfg = Prerelease|Any CPU
		{33AFE76A-7C14-4C20-9732-DE6D3A12BCF6}.Prerelease|x86.Build.0 = Prerelease|Any CPU
		{8EAA2BD6-49C7-4954-990D-786E7D0C2810}.Debug|Any CPU.ActiveCfg = Debug|Any CPU
		{8EAA2BD6-49C7-4954-990D-786E7D0C2810}.Debug|Any CPU.Build.0 = Debug|Any CPU
		{8EAA2BD6-49C7-4954-990D-786E7D0C2810}.Debug|x64.ActiveCfg = Debug|Any CPU
		{8EAA2BD6-49C7-4954-990D-786E7D0C2810}.Debug|x64.Build.0 = Debug|Any CPU
		{8EAA2BD6-49C7-4954-990D-786E7D0C2810}.Debug|x86.ActiveCfg = Debug|Any CPU
		{8EAA2BD6-49C7-4954-990D-786E7D0C2810}.Debug|x86.Build.0 = Debug|Any CPU
		{8EAA2BD6-49C7-4954-990D-786E7D0C2810}.Release|Any CPU.ActiveCfg = Release|Any CPU
		{8EAA2BD6-49C7-4954-990D-786E7D0C2810}.Release|Any CPU.Build.0 = Release|Any CPU
		{8EAA2BD6-49C7-4954-990D-786E7D0C2810}.Release|x64.ActiveCfg = Release|Any CPU
		{8EAA2BD6-49C7-4954-990D-786E7D0C2810}.Release|x64.Build.0 = Release|Any CPU
		{8EAA2BD6-49C7-4954-990D-786E7D0C2810}.Release|x86.ActiveCfg = Release|Any CPU
		{8EAA2BD6-49C7-4954-990D-786E7D0C2810}.Release|x86.Build.0 = Release|Any CPU
		{8EAA2BD6-49C7-4954-990D-786E7D0C2810}.Prerelease|Any CPU.ActiveCfg = Prerelease|Any CPU
		{8EAA2BD6-49C7-4954-990D-786E7D0C2810}.Prerelease|Any CPU.Build.0 = Prerelease|Any CPU
		{8EAA2BD6-49C7-4954-990D-786E7D0C2810}.Prerelease|x64.ActiveCfg = Prerelease|Any CPU
		{8EAA2BD6-49C7-4954-990D-786E7D0C2810}.Prerelease|x64.Build.0 = Prerelease|Any CPU
		{8EAA2BD6-49C7-4954-990D-786E7D0C2810}.Prerelease|x86.ActiveCfg = Prerelease|Any CPU
		{8EAA2BD6-49C7-4954-990D-786E7D0C2810}.Prerelease|x86.Build.0 = Prerelease|Any CPU
		{518DDD49-192F-4E23-8ECD-8433E58D9B99}.Debug|Any CPU.ActiveCfg = Debug|Any CPU
		{518DDD49-192F-4E23-8ECD-8433E58D9B99}.Debug|Any CPU.Build.0 = Debug|Any CPU
		{518DDD49-192F-4E23-8ECD-8433E58D9B99}.Debug|x64.ActiveCfg = Debug|Any CPU
		{518DDD49-192F-4E23-8ECD-8433E58D9B99}.Debug|x64.Build.0 = Debug|Any CPU
		{518DDD49-192F-4E23-8ECD-8433E58D9B99}.Debug|x86.ActiveCfg = Debug|Any CPU
		{518DDD49-192F-4E23-8ECD-8433E58D9B99}.Debug|x86.Build.0 = Debug|Any CPU
		{518DDD49-192F-4E23-8ECD-8433E58D9B99}.Release|Any CPU.ActiveCfg = Release|Any CPU
		{518DDD49-192F-4E23-8ECD-8433E58D9B99}.Release|Any CPU.Build.0 = Release|Any CPU
		{518DDD49-192F-4E23-8ECD-8433E58D9B99}.Release|x64.ActiveCfg = Release|Any CPU
		{518DDD49-192F-4E23-8ECD-8433E58D9B99}.Release|x64.Build.0 = Release|Any CPU
		{518DDD49-192F-4E23-8ECD-8433E58D9B99}.Release|x86.ActiveCfg = Release|Any CPU
		{518DDD49-192F-4E23-8ECD-8433E58D9B99}.Release|x86.Build.0 = Release|Any CPU
		{518DDD49-192F-4E23-8ECD-8433E58D9B99}.Prerelease|Any CPU.ActiveCfg = Prerelease|Any CPU
		{518DDD49-192F-4E23-8ECD-8433E58D9B99}.Prerelease|Any CPU.Build.0 = Prerelease|Any CPU
		{518DDD49-192F-4E23-8ECD-8433E58D9B99}.Prerelease|x64.ActiveCfg = Prerelease|Any CPU
		{518DDD49-192F-4E23-8ECD-8433E58D9B99}.Prerelease|x64.Build.0 = Prerelease|Any CPU
		{518DDD49-192F-4E23-8ECD-8433E58D9B99}.Prerelease|x86.ActiveCfg = Prerelease|Any CPU
		{518DDD49-192F-4E23-8ECD-8433E58D9B99}.Prerelease|x86.Build.0 = Prerelease|Any CPU
		{53BD55D5-1516-445F-B71D-DA40DA999914}.Debug|Any CPU.ActiveCfg = Debug|Any CPU
		{53BD55D5-1516-445F-B71D-DA40DA999914}.Debug|Any CPU.Build.0 = Debug|Any CPU
		{53BD55D5-1516-445F-B71D-DA40DA999914}.Debug|x64.ActiveCfg = Debug|Any CPU
		{53BD55D5-1516-445F-B71D-DA40DA999914}.Debug|x64.Build.0 = Debug|Any CPU
		{53BD55D5-1516-445F-B71D-DA40DA999914}.Debug|x86.ActiveCfg = Debug|Any CPU
		{53BD55D5-1516-445F-B71D-DA40DA999914}.Debug|x86.Build.0 = Debug|Any CPU
		{53BD55D5-1516-445F-B71D-DA40DA999914}.Release|Any CPU.ActiveCfg = Release|Any CPU
		{53BD55D5-1516-445F-B71D-DA40DA999914}.Release|Any CPU.Build.0 = Release|Any CPU
		{53BD55D5-1516-445F-B71D-DA40DA999914}.Release|x64.ActiveCfg = Release|Any CPU
		{53BD55D5-1516-445F-B71D-DA40DA999914}.Release|x64.Build.0 = Release|Any CPU
		{53BD55D5-1516-445F-B71D-DA40DA999914}.Release|x86.ActiveCfg = Release|Any CPU
		{53BD55D5-1516-445F-B71D-DA40DA999914}.Release|x86.Build.0 = Release|Any CPU
		{53BD55D5-1516-445F-B71D-DA40DA999914}.Prerelease|Any CPU.ActiveCfg = Prerelease|Any CPU
		{53BD55D5-1516-445F-B71D-DA40DA999914}.Prerelease|Any CPU.Build.0 = Prerelease|Any CPU
		{53BD55D5-1516-445F-B71D-DA40DA999914}.Prerelease|x64.ActiveCfg = Prerelease|Any CPU
		{53BD55D5-1516-445F-B71D-DA40DA999914}.Prerelease|x64.Build.0 = Prerelease|Any CPU
		{53BD55D5-1516-445F-B71D-DA40DA999914}.Prerelease|x86.ActiveCfg = Prerelease|Any CPU
		{53BD55D5-1516-445F-B71D-DA40DA999914}.Prerelease|x86.Build.0 = Prerelease|Any CPU
		{C4AB57EB-058C-4F01-9250-7AAB3F4C27E9}.Debug|Any CPU.ActiveCfg = Debug|Any CPU
		{C4AB57EB-058C-4F01-9250-7AAB3F4C27E9}.Debug|Any CPU.Build.0 = Debug|Any CPU
		{C4AB57EB-058C-4F01-9250-7AAB3F4C27E9}.Debug|x64.ActiveCfg = Debug|Any CPU
		{C4AB57EB-058C-4F01-9250-7AAB3F4C27E9}.Debug|x64.Build.0 = Debug|Any CPU
		{C4AB57EB-058C-4F01-9250-7AAB3F4C27E9}.Debug|x86.ActiveCfg = Debug|Any CPU
		{C4AB57EB-058C-4F01-9250-7AAB3F4C27E9}.Debug|x86.Build.0 = Debug|Any CPU
		{C4AB57EB-058C-4F01-9250-7AAB3F4C27E9}.Release|Any CPU.ActiveCfg = Release|Any CPU
		{C4AB57EB-058C-4F01-9250-7AAB3F4C27E9}.Release|Any CPU.Build.0 = Release|Any CPU
		{C4AB57EB-058C-4F01-9250-7AAB3F4C27E9}.Release|x64.ActiveCfg = Release|Any CPU
		{C4AB57EB-058C-4F01-9250-7AAB3F4C27E9}.Release|x64.Build.0 = Release|Any CPU
		{C4AB57EB-058C-4F01-9250-7AAB3F4C27E9}.Release|x86.ActiveCfg = Release|Any CPU
		{C4AB57EB-058C-4F01-9250-7AAB3F4C27E9}.Release|x86.Build.0 = Release|Any CPU
		{C4AB57EB-058C-4F01-9250-7AAB3F4C27E9}.Prerelease|Any CPU.ActiveCfg = Prerelease|Any CPU
		{C4AB57EB-058C-4F01-9250-7AAB3F4C27E9}.Prerelease|Any CPU.Build.0 = Prerelease|Any CPU
		{C4AB57EB-058C-4F01-9250-7AAB3F4C27E9}.Prerelease|x64.ActiveCfg = Prerelease|Any CPU
		{C4AB57EB-058C-4F01-9250-7AAB3F4C27E9}.Prerelease|x64.Build.0 = Prerelease|Any CPU
		{C4AB57EB-058C-4F01-9250-7AAB3F4C27E9}.Prerelease|x86.ActiveCfg = Prerelease|Any CPU
		{C4AB57EB-058C-4F01-9250-7AAB3F4C27E9}.Prerelease|x86.Build.0 = Prerelease|Any CPU
		{3CB795F2-46D7-4310-845A-6092042FE163}.Debug|Any CPU.ActiveCfg = Debug|Any CPU
		{3CB795F2-46D7-4310-845A-6092042FE163}.Debug|Any CPU.Build.0 = Debug|Any CPU
		{3CB795F2-46D7-4310-845A-6092042FE163}.Debug|x64.ActiveCfg = Debug|Any CPU
		{3CB795F2-46D7-4310-845A-6092042FE163}.Debug|x64.Build.0 = Debug|Any CPU
		{3CB795F2-46D7-4310-845A-6092042FE163}.Debug|x86.ActiveCfg = Debug|Any CPU
		{3CB795F2-46D7-4310-845A-6092042FE163}.Debug|x86.Build.0 = Debug|Any CPU
		{3CB795F2-46D7-4310-845A-6092042FE163}.Release|Any CPU.ActiveCfg = Release|Any CPU
		{3CB795F2-46D7-4310-845A-6092042FE163}.Release|Any CPU.Build.0 = Release|Any CPU
		{3CB795F2-46D7-4310-845A-6092042FE163}.Release|x64.ActiveCfg = Release|Any CPU
		{3CB795F2-46D7-4310-845A-6092042FE163}.Release|x64.Build.0 = Release|Any CPU
		{3CB795F2-46D7-4310-845A-6092042FE163}.Release|x86.ActiveCfg = Release|Any CPU
		{3CB795F2-46D7-4310-845A-6092042FE163}.Release|x86.Build.0 = Release|Any CPU
		{3CB795F2-46D7-4310-845A-6092042FE163}.Prerelease|Any CPU.ActiveCfg = Prerelease|Any CPU
		{3CB795F2-46D7-4310-845A-6092042FE163}.Prerelease|Any CPU.Build.0 = Prerelease|Any CPU
		{3CB795F2-46D7-4310-845A-6092042FE163}.Prerelease|x64.ActiveCfg = Prerelease|Any CPU
		{3CB795F2-46D7-4310-845A-6092042FE163}.Prerelease|x64.Build.0 = Prerelease|Any CPU
		{3CB795F2-46D7-4310-845A-6092042FE163}.Prerelease|x86.ActiveCfg = Prerelease|Any CPU
		{3CB795F2-46D7-4310-845A-6092042FE163}.Prerelease|x86.Build.0 = Prerelease|Any CPU
		{B43152BB-AC61-4C1F-8CB6-AEBEE7F03515}.Debug|Any CPU.ActiveCfg = Debug|Any CPU
		{B43152BB-AC61-4C1F-8CB6-AEBEE7F03515}.Debug|Any CPU.Build.0 = Debug|Any CPU
		{B43152BB-AC61-4C1F-8CB6-AEBEE7F03515}.Debug|x64.ActiveCfg = Debug|Any CPU
		{B43152BB-AC61-4C1F-8CB6-AEBEE7F03515}.Debug|x64.Build.0 = Debug|Any CPU
		{B43152BB-AC61-4C1F-8CB6-AEBEE7F03515}.Debug|x86.ActiveCfg = Debug|Any CPU
		{B43152BB-AC61-4C1F-8CB6-AEBEE7F03515}.Debug|x86.Build.0 = Debug|Any CPU
		{B43152BB-AC61-4C1F-8CB6-AEBEE7F03515}.Release|Any CPU.ActiveCfg = Release|Any CPU
		{B43152BB-AC61-4C1F-8CB6-AEBEE7F03515}.Release|Any CPU.Build.0 = Release|Any CPU
		{B43152BB-AC61-4C1F-8CB6-AEBEE7F03515}.Release|x64.ActiveCfg = Release|Any CPU
		{B43152BB-AC61-4C1F-8CB6-AEBEE7F03515}.Release|x64.Build.0 = Release|Any CPU
		{B43152BB-AC61-4C1F-8CB6-AEBEE7F03515}.Release|x86.ActiveCfg = Release|Any CPU
		{B43152BB-AC61-4C1F-8CB6-AEBEE7F03515}.Release|x86.Build.0 = Release|Any CPU
		{B43152BB-AC61-4C1F-8CB6-AEBEE7F03515}.Prerelease|Any CPU.ActiveCfg = Prerelease|Any CPU
		{B43152BB-AC61-4C1F-8CB6-AEBEE7F03515}.Prerelease|Any CPU.Build.0 = Prerelease|Any CPU
		{B43152BB-AC61-4C1F-8CB6-AEBEE7F03515}.Prerelease|x64.ActiveCfg = Prerelease|Any CPU
		{B43152BB-AC61-4C1F-8CB6-AEBEE7F03515}.Prerelease|x64.Build.0 = Prerelease|Any CPU
		{B43152BB-AC61-4C1F-8CB6-AEBEE7F03515}.Prerelease|x86.ActiveCfg = Prerelease|Any CPU
		{B43152BB-AC61-4C1F-8CB6-AEBEE7F03515}.Prerelease|x86.Build.0 = Prerelease|Any CPU
		{696E9F71-59D6-43F1-996C-56271B8FC29F}.Debug|Any CPU.ActiveCfg = Debug|Any CPU
		{696E9F71-59D6-43F1-996C-56271B8FC29F}.Debug|Any CPU.Build.0 = Debug|Any CPU
		{696E9F71-59D6-43F1-996C-56271B8FC29F}.Debug|x64.ActiveCfg = Debug|Any CPU
		{696E9F71-59D6-43F1-996C-56271B8FC29F}.Debug|x64.Build.0 = Debug|Any CPU
		{696E9F71-59D6-43F1-996C-56271B8FC29F}.Debug|x86.ActiveCfg = Debug|Any CPU
		{696E9F71-59D6-43F1-996C-56271B8FC29F}.Debug|x86.Build.0 = Debug|Any CPU
		{696E9F71-59D6-43F1-996C-56271B8FC29F}.Release|Any CPU.ActiveCfg = Release|Any CPU
		{696E9F71-59D6-43F1-996C-56271B8FC29F}.Release|Any CPU.Build.0 = Release|Any CPU
		{696E9F71-59D6-43F1-996C-56271B8FC29F}.Release|x64.ActiveCfg = Release|Any CPU
		{696E9F71-59D6-43F1-996C-56271B8FC29F}.Release|x64.Build.0 = Release|Any CPU
		{696E9F71-59D6-43F1-996C-56271B8FC29F}.Release|x86.ActiveCfg = Release|Any CPU
		{696E9F71-59D6-43F1-996C-56271B8FC29F}.Release|x86.Build.0 = Release|Any CPU
		{696E9F71-59D6-43F1-996C-56271B8FC29F}.Prerelease|Any CPU.ActiveCfg = Prerelease|Any CPU
		{696E9F71-59D6-43F1-996C-56271B8FC29F}.Prerelease|Any CPU.Build.0 = Prerelease|Any CPU
		{696E9F71-59D6-43F1-996C-56271B8FC29F}.Prerelease|x64.ActiveCfg = Prerelease|Any CPU
		{696E9F71-59D6-43F1-996C-56271B8FC29F}.Prerelease|x64.Build.0 = Prerelease|Any CPU
		{696E9F71-59D6-43F1-996C-56271B8FC29F}.Prerelease|x86.ActiveCfg = Prerelease|Any CPU
		{696E9F71-59D6-43F1-996C-56271B8FC29F}.Prerelease|x86.Build.0 = Prerelease|Any CPU
		{8D81DB8D-92B6-4260-97F7-1604103B7A36}.Debug|Any CPU.ActiveCfg = Debug|Any CPU
		{8D81DB8D-92B6-4260-97F7-1604103B7A36}.Debug|Any CPU.Build.0 = Debug|Any CPU
		{8D81DB8D-92B6-4260-97F7-1604103B7A36}.Debug|x64.ActiveCfg = Debug|Any CPU
		{8D81DB8D-92B6-4260-97F7-1604103B7A36}.Debug|x64.Build.0 = Debug|Any CPU
		{8D81DB8D-92B6-4260-97F7-1604103B7A36}.Debug|x86.ActiveCfg = Debug|Any CPU
		{8D81DB8D-92B6-4260-97F7-1604103B7A36}.Debug|x86.Build.0 = Debug|Any CPU
		{8D81DB8D-92B6-4260-97F7-1604103B7A36}.Release|Any CPU.ActiveCfg = Release|Any CPU
		{8D81DB8D-92B6-4260-97F7-1604103B7A36}.Release|Any CPU.Build.0 = Release|Any CPU
		{8D81DB8D-92B6-4260-97F7-1604103B7A36}.Release|x64.ActiveCfg = Release|Any CPU
		{8D81DB8D-92B6-4260-97F7-1604103B7A36}.Release|x64.Build.0 = Release|Any CPU
		{8D81DB8D-92B6-4260-97F7-1604103B7A36}.Release|x86.ActiveCfg = Release|Any CPU
		{8D81DB8D-92B6-4260-97F7-1604103B7A36}.Release|x86.Build.0 = Release|Any CPU
		{8D81DB8D-92B6-4260-97F7-1604103B7A36}.Prerelease|Any CPU.ActiveCfg = Prerelease|Any CPU
		{8D81DB8D-92B6-4260-97F7-1604103B7A36}.Prerelease|Any CPU.Build.0 = Prerelease|Any CPU
		{8D81DB8D-92B6-4260-97F7-1604103B7A36}.Prerelease|x64.ActiveCfg = Prerelease|Any CPU
		{8D81DB8D-92B6-4260-97F7-1604103B7A36}.Prerelease|x64.Build.0 = Prerelease|Any CPU
		{8D81DB8D-92B6-4260-97F7-1604103B7A36}.Prerelease|x86.ActiveCfg = Prerelease|Any CPU
		{8D81DB8D-92B6-4260-97F7-1604103B7A36}.Prerelease|x86.Build.0 = Prerelease|Any CPU
		{B2B70ABD-2294-46B6-87F3-C1BB83CF1B95}.Debug|Any CPU.ActiveCfg = Debug|Any CPU
		{B2B70ABD-2294-46B6-87F3-C1BB83CF1B95}.Debug|Any CPU.Build.0 = Debug|Any CPU
		{B2B70ABD-2294-46B6-87F3-C1BB83CF1B95}.Debug|x64.ActiveCfg = Debug|Any CPU
		{B2B70ABD-2294-46B6-87F3-C1BB83CF1B95}.Debug|x64.Build.0 = Debug|Any CPU
		{B2B70ABD-2294-46B6-87F3-C1BB83CF1B95}.Debug|x86.ActiveCfg = Debug|Any CPU
		{B2B70ABD-2294-46B6-87F3-C1BB83CF1B95}.Debug|x86.Build.0 = Debug|Any CPU
		{B2B70ABD-2294-46B6-87F3-C1BB83CF1B95}.Release|Any CPU.ActiveCfg = Release|Any CPU
		{B2B70ABD-2294-46B6-87F3-C1BB83CF1B95}.Release|Any CPU.Build.0 = Release|Any CPU
		{B2B70ABD-2294-46B6-87F3-C1BB83CF1B95}.Release|x64.ActiveCfg = Release|Any CPU
		{B2B70ABD-2294-46B6-87F3-C1BB83CF1B95}.Release|x64.Build.0 = Release|Any CPU
		{B2B70ABD-2294-46B6-87F3-C1BB83CF1B95}.Release|x86.ActiveCfg = Release|Any CPU
		{B2B70ABD-2294-46B6-87F3-C1BB83CF1B95}.Release|x86.Build.0 = Release|Any CPU
		{B2B70ABD-2294-46B6-87F3-C1BB83CF1B95}.Prerelease|Any CPU.ActiveCfg = Prerelease|Any CPU
		{B2B70ABD-2294-46B6-87F3-C1BB83CF1B95}.Prerelease|Any CPU.Build.0 = Prerelease|Any CPU
		{B2B70ABD-2294-46B6-87F3-C1BB83CF1B95}.Prerelease|x64.ActiveCfg = Prerelease|Any CPU
		{B2B70ABD-2294-46B6-87F3-C1BB83CF1B95}.Prerelease|x64.Build.0 = Prerelease|Any CPU
		{B2B70ABD-2294-46B6-87F3-C1BB83CF1B95}.Prerelease|x86.ActiveCfg = Prerelease|Any CPU
		{B2B70ABD-2294-46B6-87F3-C1BB83CF1B95}.Prerelease|x86.Build.0 = Prerelease|Any CPU
	EndGlobalSection
	GlobalSection(SolutionProperties) = preSolution
		HideSolutionNode = FALSE
	EndGlobalSection
	GlobalSection(NestedProjects) = preSolution
		{85A45314-D933-45FD-94BA-3583EC655116} = {C657EFFA-9879-416A-8847-091FD2C3467E}
		{A10A63C6-7799-4E05-840F-FACEE15B2CF5} = {C657EFFA-9879-416A-8847-091FD2C3467E}
		{D5ADD538-44FA-4934-86EC-35C0F5E1E080} = {C657EFFA-9879-416A-8847-091FD2C3467E}
		{6757E645-091D-4E31-AB24-1A7B93936DDF} = {C657EFFA-9879-416A-8847-091FD2C3467E}
		{5F92E664-565A-4E3C-AE0C-D307B8E93BB0} = {C657EFFA-9879-416A-8847-091FD2C3467E}
		{6A17E500-4667-4136-9133-0EFF6783CC4F} = {C657EFFA-9879-416A-8847-091FD2C3467E}
		{A0E1650A-6FC4-4FC0-8724-18347CB89781} = {C657EFFA-9879-416A-8847-091FD2C3467E}
		{2553BF73-FE43-4D49-AB8D-41EA51FFB6A5} = {C657EFFA-9879-416A-8847-091FD2C3467E}
		{0D768908-9428-45BB-9208-1E3F60353EBA} = {C657EFFA-9879-416A-8847-091FD2C3467E}
		{A438735C-4E79-4129-B97E-FC5F07734193} = {C657EFFA-9879-416A-8847-091FD2C3467E}
		{8FE8BF7D-32DB-41DE-9947-CBE2B3213243} = {C657EFFA-9879-416A-8847-091FD2C3467E}
		{C2551319-B8EB-4820-A08F-51F3E99273E8} = {34216173-67CD-0F4F-6671-DE800A56775D}
		{C6A3AF7E-FB40-4EB9-8F70-1FCA48F8AAEB} = {34216173-67CD-0F4F-6671-DE800A56775D}
		{BF68EC28-0886-4F64-9A64-450515DE2BD4} = {34216173-67CD-0F4F-6671-DE800A56775D}
		{0B0107E1-25AA-49CD-9F55-20F30C11A317} = {34216173-67CD-0F4F-6671-DE800A56775D}
		{E548E204-A82D-4CD0-88FB-CE8BBE93D890} = {34216173-67CD-0F4F-6671-DE800A56775D}
		{A02CD350-BEBF-4C61-8E0E-49DF67D22BF4} = {34216173-67CD-0F4F-6671-DE800A56775D}
		{7686A97B-0F87-4323-BB2D-6C2A825C2723} = {34216173-67CD-0F4F-6671-DE800A56775D}
		{95E53C0E-22EA-44B0-B608-A83EBBE54C06} = {34216173-67CD-0F4F-6671-DE800A56775D}
		{AB059056-6BF2-48EB-B9C3-6508E231AC41} = {34216173-67CD-0F4F-6671-DE800A56775D}
		{F99D3DC6-84A7-4BBE-BF15-4F1B29E921B3} = {34216173-67CD-0F4F-6671-DE800A56775D}
		{3579A90B-78A5-4B87-A4DD-CEBD7388FFD7} = {34216173-67CD-0F4F-6671-DE800A56775D}
		{EBE42811-2E3D-4017-90D3-F295F34E2F63} = {34216173-67CD-0F4F-6671-DE800A56775D}
		{C3156888-E7FF-4039-8572-BEF2F34DE243} = {34216173-67CD-0F4F-6671-DE800A56775D}
		{DE9F1D82-C6BD-4F28-A4A0-A3BAF232CD18} = {34216173-67CD-0F4F-6671-DE800A56775D}
		{9F327A3D-2012-4318-8652-92BAD7AFAE11} = {34216173-67CD-0F4F-6671-DE800A56775D}
		{F379015B-A0CD-41AE-8ACD-F8ADDB2B5C1E} = {34216173-67CD-0F4F-6671-DE800A56775D}
		{BF8B53AC-29FD-42A8-9E96-34B044BC0706} = {34216173-67CD-0F4F-6671-DE800A56775D}
		{4476AF5B-E965-4C60-A36E-20373DA5ADE0} = {34216173-67CD-0F4F-6671-DE800A56775D}
		{A8BF9F0C-6B7F-4422-94A3-6B978F17EE8E} = {34216173-67CD-0F4F-6671-DE800A56775D}
		{6C67411B-B03A-4D97-A285-CCA868992C77} = {34216173-67CD-0F4F-6671-DE800A56775D}
		{232A48F0-11DA-4E7C-8A50-99DFD148EB56} = {34216173-67CD-0F4F-6671-DE800A56775D}
		{DA03D2AE-FEFD-452D-A3DA-CF9B35F0391B} = {34216173-67CD-0F4F-6671-DE800A56775D}
		{1160CF5A-4C12-446B-9F43-B79695861685} = {34216173-67CD-0F4F-6671-DE800A56775D}
		{752B3BEB-FDBE-46B2-AB3C-026A496556CB} = {34216173-67CD-0F4F-6671-DE800A56775D}
		{92488A75-C349-4553-9C26-C0E7158592A5} = {34216173-67CD-0F4F-6671-DE800A56775D}
		{426F1E88-26D4-4238-9B0B-CB966B27CF16} = {34216173-67CD-0F4F-6671-DE800A56775D}
		{C0B777F7-F589-4B15-AC2C-787AA7130902} = {34216173-67CD-0F4F-6671-DE800A56775D}
		{33AFE76A-7C14-4C20-9732-DE6D3A12BCF6} = {34216173-67CD-0F4F-6671-DE800A56775D}
		{8EAA2BD6-49C7-4954-990D-786E7D0C2810} = {34216173-67CD-0F4F-6671-DE800A56775D}
		{518DDD49-192F-4E23-8ECD-8433E58D9B99} = {34216173-67CD-0F4F-6671-DE800A56775D}
		{53BD55D5-1516-445F-B71D-DA40DA999914} = {34216173-67CD-0F4F-6671-DE800A56775D}
		{C4AB57EB-058C-4F01-9250-7AAB3F4C27E9} = {34216173-67CD-0F4F-6671-DE800A56775D}
		{3CB795F2-46D7-4310-845A-6092042FE163} = {34216173-67CD-0F4F-6671-DE800A56775D}
		{B43152BB-AC61-4C1F-8CB6-AEBEE7F03515} = {34216173-67CD-0F4F-6671-DE800A56775D}
		{696E9F71-59D6-43F1-996C-56271B8FC29F} = {34216173-67CD-0F4F-6671-DE800A56775D}
		{8D81DB8D-92B6-4260-97F7-1604103B7A36} = {34216173-67CD-0F4F-6671-DE800A56775D}
		{B2B70ABD-2294-46B6-87F3-C1BB83CF1B95} = {34216173-67CD-0F4F-6671-DE800A56775D}
	EndGlobalSection
EndGlobal
