
Microsoft Visual Studio Solution File, Format Version 12.00
# Visual Studio Version 17
VisualStudioVersion = 17.5.002.0
MinimumVisualStudioVersion = 10.0.40219.1
Project("{9A19103F-16F7-4668-BE54-9A1E7A4F7556}") = "SDL3-CS", "SDL3-CS.csproj", "{51B3EAA6-165C-4714-AACB-64205C1B7F90}"
EndProject
Global
	GlobalSection(SolutionConfigurationPlatforms) = preSolution
		Debug|Any CPU = Debug|Any CPU
		Release|Any CPU = Release|Any CPU
	EndGlobalSection
	GlobalSection(ProjectConfigurationPlatforms) = postSolution
		{51B3EAA6-165C-4714-AACB-64205C1B7F90}.Debug|Any CPU.ActiveCfg = Debug|Any CPU
		{51B3EAA6-165C-4714-AACB-64205C1B7F90}.Debug|Any CPU.Build.0 = Debug|Any CPU
		{51B3EAA6-165C-4714-AACB-64205C1B7F90}.Release|Any CPU.ActiveCfg = Release|Any CPU
		{51B3EAA6-165C-4714-AACB-64205C1B7F90}.Release|Any CPU.Build.0 = Release|Any CPU
	EndGlobalSection
	GlobalSection(SolutionProperties) = preSolution
		HideSolutionNode = FALSE
	EndGlobalSection
	GlobalSection(ExtensibilityGlobals) = postSolution
		SolutionGuid = {3A5A42C4-92AB-47F0-904B-B58F1474598C}
	EndGlobalSection
EndGlobal
